PODS:
  - AFNetworking (2.5.3):
    - AFNetworking/NSURLConnection (= 2.5.3)
    - AFNetworking/NSURLSession (= 2.5.3)
    - AFNetworking/Reachability (= 2.5.3)
    - AFNetworking/Security (= 2.5.3)
    - AFNetworking/Serialization (= 2.5.3)
    - AFNetworking/UIKit (= 2.5.3)
  - AFNetworking/NSURLConnection (2.5.3):
    - AFNetworking/Reachability
    - AFNetworking/Security
    - AFNetworking/Serialization
  - AFNetworking/NSURLSession (2.5.3):
    - AFNetworking/Reachability
    - AFNetworking/Security
    - AFNetworking/Serialization
  - AFNetworking/Reachability (2.5.3)
  - AFNetworking/Security (2.5.3)
  - AFNetworking/Serialization (2.5.3)
  - AFNetworking/UIKit (2.5.3):
    - AFNetworking/NSURLConnection
    - AFNetworking/NSURLSession
  - Crashlytics (3.7.0):
    - Fabric (~> 1.6.3)
  - DACircularProgress (2.2.0)
  - Fabric (1.6.6)
  - HexColors (2.2.1)
  - NoticeView (3.0.7)
  - ODRefreshControl (1.1.0)
  - OHAttributedLabel (3.5.5)
  - ReachabilitySwift (2.3.3)
  - RNCryptor (2.2)
  - SDWebImage (3.7.1):
    - SDWebImage/Core (= 3.7.1)
  - SDWebImage/Core (3.7.1)
  - SVProgressHUD (1.1.3)
  - SVPullToRefresh (0.4.1)
  - SwipeView (1.3.2)
  - TSMessages (0.9.12):
    - HexColors (~> 2.2.0)
  - TTTAttributedLabel (1.13.2)
  - UrlShortener (0.0.1)

DEPENDENCIES:
  - AFNetworking (~> 2.0)
  - Crashlytics
  - DACircularProgress
  - Fabric
  - NoticeView
  - ODRefreshControl
  - OHAttributedLabel
  - ReachabilitySwift
  - RNCryptor (from `https://github.com/h3poteto/RNCryptor.git`, branch `master`)
  - SDWebImage
  - SVProgressHUD
  - SVPullToRefresh (from `https://github.com/samvermette/SVPullToRefresh.git`)
  - SwipeView
  - TSMessages
  - TTTAttributedLabel
  - UrlShortener (from `https://github.com/h3poteto/URL-Shortener.git`)

EXTERNAL SOURCES:
  RNCryptor:
    :branch: master
    :git: https://github.com/h3poteto/RNCryptor.git
  SVPullToRefresh:
    :git: https://github.com/samvermette/SVPullToRefresh.git
  UrlShortener:
    :git: https://github.com/h3poteto/URL-Shortener.git

CHECKOUT OPTIONS:
  RNCryptor:
    :commit: 9e1d297b464e5b2d538d8d9eb90024f9e9536ae0
    :git: https://github.com/h3poteto/RNCryptor.git
  SVPullToRefresh:
    :commit: a5f9dfee86a27c4e994d7edf93d0768c881d58bb
    :git: https://github.com/samvermette/SVPullToRefresh.git
  UrlShortener:
    :commit: f2b7b2847a16eda12b6b7458ff8985dc930efc03
    :git: https://github.com/h3poteto/URL-Shortener.git

SPEC CHECKSUMS:
  AFNetworking: e1d86c2a96bb5d2e7408da36149806706ee122fe
  Crashlytics: c3a2333dea9e2733d2777f730910321fc9e25c0d
  DACircularProgress: 0f92b77239d5f3c612fc66185e2998391ac8e054
  Fabric: 1abc1e59f11fa39ede6f690ef7309d8563e3ec59
  HexColors: abfd172e329dab59888614ccba6f216cec59289d
  NoticeView: 20178f60a5ab0b7fc496a2da6518df72bf14c0b0
  ODRefreshControl: 4c4c413bf70d2ea0c02a28ac0a0b3b4bf4dbfdea
  OHAttributedLabel: 9b2eb99323dee6b3a81ef3bc8e98b084117bca2d
  ReachabilitySwift: e0f6b6f280effb47731acfaaa2d5ffe223703793
  RNCryptor: e22d058d92b9a24a971fea324aea7efc7b25c6f7
  SDWebImage: ed3095af2ff88b436426037444979b917f6c5575
  SVProgressHUD: 748080e4f36e603f6c02aec292664239df5279c1
  SVPullToRefresh: ba2e718695a43253d8bea6852d2960097dc15d8c
  SwipeView: bd67cfaf7760c036438446b3ccb28a3b84fce009
  TSMessages: c8cc7b80f2a833af533872cd02010cac061532cc
  TTTAttributedLabel: 2ba85bee473885c2aada2bdfec584d39f1869338
  UrlShortener: fb6faa925f3abe3d7fdf7ee7cd825df9a4dd18d8

PODFILE CHECKSUM: 41352b008b10177f4d3fc8c60972c1617d691806

COCOAPODS: 1.0.0.beta.8
