// !$*UTF8*$!
{
	archiveVersion = 1;
	classes = {
	};
	objectVersion = 46;
	objects = {

/* Begin PBXBuildFile section */
		02F66BA45B9041EDB31326DE /* libPods.a in Frameworks */ = {isa = PBXBuildFile; fileRef = F93BA7217F214FE3BC6C20D1 /* libPods.a */; };
		E9124399199524E000795EF0 /* AppDelegate.swift in Sources */ = {isa = PBXBuildFile; fileRef = E9124398199524E000795EF0 /* AppDelegate.swift */; };
		E91243A0199524E000795EF0 /* Images.xcassets in Resources */ = {isa = PBXBuildFile; fileRef = E912439F199524E000795EF0 /* Images.xcassets */; };
		E91243AC199524E000795EF0 /* WhalebirdTests.swift in Sources */ = {isa = PBXBuildFile; fileRef = E91243AB199524E000795EF0 /* WhalebirdTests.swift */; };
		E91243B6199525C200795EF0 /* TimelineTableViewController.swift in Sources */ = {isa = PBXBuildFile; fileRef = E91243B5199525C200795EF0 /* TimelineTableViewController.swift */; };
		E91B20361A11094B008BF1ED /* DirectMessageTableViewController.swift in Sources */ = {isa = PBXBuildFile; fileRef = E91B20351A11094B008BF1ED /* DirectMessageTableViewController.swift */; };
		E91B20381A111844008BF1ED /* Mail.png in Resources */ = {isa = PBXBuildFile; fileRef = E91B20371A111844008BF1ED /* Mail.png */; };
		E91B203A1A11184C008BF1ED /* Mail@2x.png in Resources */ = {isa = PBXBuildFile; fileRef = E91B20391A11184C008BF1ED /* Mail@2x.png */; };
		E91B203C1A126A06008BF1ED /* MessageDetailViewController.swift in Sources */ = {isa = PBXBuildFile; fileRef = E91B203B1A126A06008BF1ED /* MessageDetailViewController.swift */; };
		E91B203E1A13AABA008BF1ED /* NewDirectMessageViewController.swift in Sources */ = {isa = PBXBuildFile; fileRef = E91B203D1A13AABA008BF1ED /* NewDirectMessageViewController.swift */; };
		E91CC5F21A01CC0300FE5BDF /* WhalebirdAPIClient.swift in Sources */ = {isa = PBXBuildFile; fileRef = E91CC5F11A01CC0300FE5BDF /* WhalebirdAPIClient.swift */; };
		E91CC5F41A027D3100FE5BDF /* LoginViewController.swift in Sources */ = {isa = PBXBuildFile; fileRef = E91CC5F31A027D3100FE5BDF /* LoginViewController.swift */; };
		E91F12C01A3043610036F982 /* List-Dots.png in Resources */ = {isa = PBXBuildFile; fileRef = E91F12BE1A3043610036F982 /* List-Dots.png */; };
		E91F12C11A3043610036F982 /* List-Dots@2x.png in Resources */ = {isa = PBXBuildFile; fileRef = E91F12BF1A3043610036F982 /* List-Dots@2x.png */; };
		E91F12C41A3045260036F982 /* Profile-Filled.png in Resources */ = {isa = PBXBuildFile; fileRef = E91F12C21A3045260036F982 /* Profile-Filled.png */; };
		E91F12C51A3045260036F982 /* Profile-Filled@2x.png in Resources */ = {isa = PBXBuildFile; fileRef = E91F12C31A3045260036F982 /* Profile-Filled@2x.png */; };
		E9221CF819FBBD35002FF3E0 /* SettingsTableViewController.swift in Sources */ = {isa = PBXBuildFile; fileRef = E9221CF719FBBD35002FF3E0 /* SettingsTableViewController.swift */; };
		E92D4C76199CF2B80017B751 /* ProfileViewController.swift in Sources */ = {isa = PBXBuildFile; fileRef = E92D4C75199CF2B80017B751 /* ProfileViewController.swift */; };
		E95A17171A5FC63200006AFD /* Star-Filled.png in Resources */ = {isa = PBXBuildFile; fileRef = E95A17151A5FC63200006AFD /* Star-Filled.png */; };
		E95A17181A5FC63200006AFD /* Star-Filled@2x.png in Resources */ = {isa = PBXBuildFile; fileRef = E95A17161A5FC63200006AFD /* Star-Filled@2x.png */; };
		E96F678D199645E4004038DF /* NewTweetViewController.swift in Sources */ = {isa = PBXBuildFile; fileRef = E96F678C199645E4004038DF /* NewTweetViewController.swift */; };
		E9770D5B1A31CBB300E7153C /* SwipeViewController.swift in Sources */ = {isa = PBXBuildFile; fileRef = E9770D5A1A31CBB300E7153C /* SwipeViewController.swift */; };
		E9770D601A32160800E7153C /* Warning.png in Resources */ = {isa = PBXBuildFile; fileRef = E9770D5E1A32160800E7153C /* Warning.png */; };
		E9770D611A32160800E7153C /* Warning@2x.png in Resources */ = {isa = PBXBuildFile; fileRef = E9770D5F1A32160800E7153C /* Warning@2x.png */; };
		E977A7FA19B4C8C500892005 /* TweetDetailViewController.swift in Sources */ = {isa = PBXBuildFile; fileRef = E977A7F919B4C8C500892005 /* TweetDetailViewController.swift */; };
		E9797B1A199526EF000FC13C /* Accounts.framework in Frameworks */ = {isa = PBXBuildFile; fileRef = E9797B19199526EF000FC13C /* Accounts.framework */; };
		E9797B1C199526F6000FC13C /* Social.framework in Frameworks */ = {isa = PBXBuildFile; fileRef = E9797B1B199526F6000FC13C /* Social.framework */; };
		E9797B201995325E000FC13C /* TimelineViewCell.swift in Sources */ = {isa = PBXBuildFile; fileRef = E9797B1F1995325E000FC13C /* TimelineViewCell.swift */; };
		E9869EE919AE3772009DD99D /* QuartzCore.framework in Frameworks */ = {isa = PBXBuildFile; fileRef = E9869EE719AE370F009DD99D /* QuartzCore.framework */; };
		E9956AE619D1E12500E15D7C /* Home.png in Resources */ = {isa = PBXBuildFile; fileRef = E9956AE419D1E12500E15D7C /* Home.png */; };
		E9956AE719D1E12500E15D7C /* Home@2x.png in Resources */ = {isa = PBXBuildFile; fileRef = E9956AE519D1E12500E15D7C /* Home@2x.png */; };
		E9956AEA19D1E19700E15D7C /* Speaking-Line.png in Resources */ = {isa = PBXBuildFile; fileRef = E9956AE819D1E19700E15D7C /* Speaking-Line.png */; };
		E9956AEB19D1E19700E15D7C /* Speaking-Line@2x.png in Resources */ = {isa = PBXBuildFile; fileRef = E9956AE919D1E19700E15D7C /* Speaking-Line@2x.png */; };
		E9956AEE19D1E1CE00E15D7C /* List-Boxes.png in Resources */ = {isa = PBXBuildFile; fileRef = E9956AEC19D1E1CE00E15D7C /* List-Boxes.png */; };
		E9956AEF19D1E1CE00E15D7C /* List-Boxes@2x.png in Resources */ = {isa = PBXBuildFile; fileRef = E9956AED19D1E1CE00E15D7C /* List-Boxes@2x.png */; };
		E9956AF619D1E21700E15D7C /* Settings-Line.png in Resources */ = {isa = PBXBuildFile; fileRef = E9956AF419D1E21700E15D7C /* Settings-Line.png */; };
		E9956AF719D1E21700E15D7C /* Settings-Line@2x.png in Resources */ = {isa = PBXBuildFile; fileRef = E9956AF519D1E21700E15D7C /* Settings-Line@2x.png */; };
		E9956B1219D1ECCB00E15D7C /* Import-Line.png in Resources */ = {isa = PBXBuildFile; fileRef = E9956B1019D1ECCB00E15D7C /* Import-Line.png */; };
		E9956B1319D1ECCB00E15D7C /* Import-Line@2x.png in Resources */ = {isa = PBXBuildFile; fileRef = E9956B1119D1ECCB00E15D7C /* Import-Line@2x.png */; };
		E9956B1619D1ECD300E15D7C /* More-Line.png in Resources */ = {isa = PBXBuildFile; fileRef = E9956B1419D1ECD300E15D7C /* More-Line.png */; };
		E9956B1719D1ECD300E15D7C /* More-Line@2x.png in Resources */ = {isa = PBXBuildFile; fileRef = E9956B1519D1ECD300E15D7C /* More-Line@2x.png */; };
		E9956B1A19D1ECDB00E15D7C /* Star-Line.png in Resources */ = {isa = PBXBuildFile; fileRef = E9956B1819D1ECDB00E15D7C /* Star-Line.png */; };
		E9956B1B19D1ECDB00E15D7C /* Star-Line@2x.png in Resources */ = {isa = PBXBuildFile; fileRef = E9956B1919D1ECDB00E15D7C /* Star-Line@2x.png */; };
		E9956B1E19D1ECE200E15D7C /* Trash-Line.png in Resources */ = {isa = PBXBuildFile; fileRef = E9956B1C19D1ECE200E15D7C /* Trash-Line.png */; };
		E9956B1F19D1ECE200E15D7C /* Trash-Line@2x.png in Resources */ = {isa = PBXBuildFile; fileRef = E9956B1D19D1ECE200E15D7C /* Trash-Line@2x.png */; };
		E9956B2219D1EDBA00E15D7C /* Conversation-Line.png in Resources */ = {isa = PBXBuildFile; fileRef = E9956B2019D1EDBA00E15D7C /* Conversation-Line.png */; };
		E9956B2319D1EDBA00E15D7C /* Conversation-Line@2x.png in Resources */ = {isa = PBXBuildFile; fileRef = E9956B2119D1EDBA00E15D7C /* Conversation-Line@2x.png */; };
		E9977D171A2746E90091FF24 /* Image.png in Resources */ = {isa = PBXBuildFile; fileRef = E9977D151A2746E90091FF24 /* Image.png */; };
		E9977D181A2746E90091FF24 /* Image@2x.png in Resources */ = {isa = PBXBuildFile; fileRef = E9977D161A2746E90091FF24 /* Image@2x.png */; };
		E9977D1B1A2746FF0091FF24 /* Camera-Line.png in Resources */ = {isa = PBXBuildFile; fileRef = E9977D191A2746FF0091FF24 /* Camera-Line.png */; };
		E9977D1C1A2746FF0091FF24 /* Camera-Line@2x.png in Resources */ = {isa = PBXBuildFile; fileRef = E9977D1A1A2746FF0091FF24 /* Camera-Line@2x.png */; };
		E9977D221A28E25B0091FF24 /* Close-Filled.png in Resources */ = {isa = PBXBuildFile; fileRef = E9977D211A28E25B0091FF24 /* Close-Filled.png */; };
		E9977D241A28E26B0091FF24 /* Close-Filled@2x.png in Resources */ = {isa = PBXBuildFile; fileRef = E9977D231A28E26B0091FF24 /* Close-Filled@2x.png */; };
		E9A33A2E19AEAFFF0077B673 /* UserstreamAPIClient.swift in Sources */ = {isa = PBXBuildFile; fileRef = E9A33A2D19AEAFFF0077B673 /* UserstreamAPIClient.swift */; };
		E9BB8C3C1A1786A300C10F32 /* ConversationTableViewController.swift in Sources */ = {isa = PBXBuildFile; fileRef = E9BB8C3B1A1786A300C10F32 /* ConversationTableViewController.swift */; };
		E9BC3E631A408E5700D2D6BD /* ApplicationSecrets.swift in Sources */ = {isa = PBXBuildFile; fileRef = E9BC3E621A408E5700D2D6BD /* ApplicationSecrets.swift */; };
		E9BC3E651A40905E00D2D6BD /* Security.framework in Frameworks */ = {isa = PBXBuildFile; fileRef = E9BC3E641A40905E00D2D6BD /* Security.framework */; };
		E9C5DE0E19C6C3CD00C65CC4 /* ReplyTableViewController.swift in Sources */ = {isa = PBXBuildFile; fileRef = E9C5DE0D19C6C3CD00C65CC4 /* ReplyTableViewController.swift */; };
		E9C5DE1219C73B8500C65CC4 /* StreamTableViewController.swift in Sources */ = {isa = PBXBuildFile; fileRef = E9C5DE1119C73B8500C65CC4 /* StreamTableViewController.swift */; };
		E9C5DE1419C73BE400C65CC4 /* ListTableViewController.swift in Sources */ = {isa = PBXBuildFile; fileRef = E9C5DE1319C73BE400C65CC4 /* ListTableViewController.swift */; };
		E9CD81DF1A3224E600763660 /* noimage.png in Resources */ = {isa = PBXBuildFile; fileRef = E9CD81DD1A3224E600763660 /* noimage.png */; };
		E9CD81E01A3224E600763660 /* noimage@2x.png in Resources */ = {isa = PBXBuildFile; fileRef = E9CD81DE1A3224E600763660 /* noimage@2x.png */; };
		E9CD81E21A32FA9E00763660 /* WebViewController.swift in Sources */ = {isa = PBXBuildFile; fileRef = E9CD81E11A32FA9E00763660 /* WebViewController.swift */; };
		E9D142801A382E3500EA3E67 /* SearchTableViewController.swift in Sources */ = {isa = PBXBuildFile; fileRef = E9D1427F1A382E3500EA3E67 /* SearchTableViewController.swift */; };
		E9D493BF1A35BBDB00DE2051 /* Settings.bundle in Resources */ = {isa = PBXBuildFile; fileRef = E9D493BE1A35BBDB00DE2051 /* Settings.bundle */; };
		E9D493C51A37504C00DE2051 /* profile_back.jpg in Resources */ = {isa = PBXBuildFile; fileRef = E9D493C41A37504C00DE2051 /* profile_back.jpg */; };
		E9D493C81A37DD6F00DE2051 /* Search-Line.png in Resources */ = {isa = PBXBuildFile; fileRef = E9D493C61A37DD6F00DE2051 /* Search-Line.png */; };
		E9D493C91A37DD6F00DE2051 /* Search-Line@2x.png in Resources */ = {isa = PBXBuildFile; fileRef = E9D493C71A37DD6F00DE2051 /* Search-Line@2x.png */; };
		E9D86A421A41336F00920984 /* OriginalCryp.m in Sources */ = {isa = PBXBuildFile; fileRef = E9D86A411A41336F00920984 /* OriginalCryp.m */; };
		E9FD20AB19C8808D00A3184C /* StackListTableViewController.swift in Sources */ = {isa = PBXBuildFile; fileRef = E9FD20AA19C8808D00A3184C /* StackListTableViewController.swift */; };
/* End PBXBuildFile section */

/* Begin PBXContainerItemProxy section */
		E91243A6199524E000795EF0 /* PBXContainerItemProxy */ = {
			isa = PBXContainerItemProxy;
			containerPortal = E912438B199524E000795EF0 /* Project object */;
			proxyType = 1;
			remoteGlobalIDString = E9124392199524E000795EF0;
			remoteInfo = Whalebird;
		};
/* End PBXContainerItemProxy section */

/* Begin PBXFileReference section */
		6302B3575397933379859006 /* Pods.release.xcconfig */ = {isa = PBXFileReference; includeInIndex = 1; lastKnownFileType = text.xcconfig; name = Pods.release.xcconfig; path = "Pods/Target Support Files/Pods/Pods.release.xcconfig"; sourceTree = "<group>"; };
		6F4E1ED78368D8345CEAF0E4 /* Pods.debug.xcconfig */ = {isa = PBXFileReference; includeInIndex = 1; lastKnownFileType = text.xcconfig; name = Pods.debug.xcconfig; path = "Pods/Target Support Files/Pods/Pods.debug.xcconfig"; sourceTree = "<group>"; };
		E9124393199524E000795EF0 /* Whalebird.app */ = {isa = PBXFileReference; explicitFileType = wrapper.application; includeInIndex = 0; path = Whalebird.app; sourceTree = BUILT_PRODUCTS_DIR; };
		E9124397199524E000795EF0 /* Info.plist */ = {isa = PBXFileReference; lastKnownFileType = text.plist.xml; path = Info.plist; sourceTree = "<group>"; };
		E9124398199524E000795EF0 /* AppDelegate.swift */ = {isa = PBXFileReference; lastKnownFileType = sourcecode.swift; path = AppDelegate.swift; sourceTree = "<group>"; };
		E912439F199524E000795EF0 /* Images.xcassets */ = {isa = PBXFileReference; lastKnownFileType = folder.assetcatalog; path = Images.xcassets; sourceTree = "<group>"; };
		E91243A5199524E000795EF0 /* WhalebirdTests.xctest */ = {isa = PBXFileReference; explicitFileType = wrapper.cfbundle; includeInIndex = 0; path = WhalebirdTests.xctest; sourceTree = BUILT_PRODUCTS_DIR; };
		E91243AA199524E000795EF0 /* Info.plist */ = {isa = PBXFileReference; lastKnownFileType = text.plist.xml; path = Info.plist; sourceTree = "<group>"; };
		E91243AB199524E000795EF0 /* WhalebirdTests.swift */ = {isa = PBXFileReference; lastKnownFileType = sourcecode.swift; path = WhalebirdTests.swift; sourceTree = "<group>"; };
		E91243B5199525C200795EF0 /* TimelineTableViewController.swift */ = {isa = PBXFileReference; fileEncoding = 4; lastKnownFileType = sourcecode.swift; path = TimelineTableViewController.swift; sourceTree = "<group>"; };
		E91B20351A11094B008BF1ED /* DirectMessageTableViewController.swift */ = {isa = PBXFileReference; fileEncoding = 4; lastKnownFileType = sourcecode.swift; path = DirectMessageTableViewController.swift; sourceTree = "<group>"; };
		E91B20371A111844008BF1ED /* Mail.png */ = {isa = PBXFileReference; lastKnownFileType = image.png; path = Mail.png; sourceTree = "<group>"; };
		E91B20391A11184C008BF1ED /* Mail@2x.png */ = {isa = PBXFileReference; lastKnownFileType = image.png; path = "Mail@2x.png"; sourceTree = "<group>"; };
		E91B203B1A126A06008BF1ED /* MessageDetailViewController.swift */ = {isa = PBXFileReference; fileEncoding = 4; lastKnownFileType = sourcecode.swift; path = MessageDetailViewController.swift; sourceTree = "<group>"; };
		E91B203D1A13AABA008BF1ED /* NewDirectMessageViewController.swift */ = {isa = PBXFileReference; fileEncoding = 4; lastKnownFileType = sourcecode.swift; path = NewDirectMessageViewController.swift; sourceTree = "<group>"; };
		E91CC5F11A01CC0300FE5BDF /* WhalebirdAPIClient.swift */ = {isa = PBXFileReference; fileEncoding = 4; lastKnownFileType = sourcecode.swift; path = WhalebirdAPIClient.swift; sourceTree = "<group>"; };
		E91CC5F31A027D3100FE5BDF /* LoginViewController.swift */ = {isa = PBXFileReference; fileEncoding = 4; lastKnownFileType = sourcecode.swift; path = LoginViewController.swift; sourceTree = "<group>"; };
		E91F12BE1A3043610036F982 /* List-Dots.png */ = {isa = PBXFileReference; lastKnownFileType = image.png; path = "List-Dots.png"; sourceTree = "<group>"; };
		E91F12BF1A3043610036F982 /* List-Dots@2x.png */ = {isa = PBXFileReference; lastKnownFileType = image.png; path = "List-Dots@2x.png"; sourceTree = "<group>"; };
		E91F12C21A3045260036F982 /* Profile-Filled.png */ = {isa = PBXFileReference; lastKnownFileType = image.png; path = "Profile-Filled.png"; sourceTree = "<group>"; };
		E91F12C31A3045260036F982 /* Profile-Filled@2x.png */ = {isa = PBXFileReference; lastKnownFileType = image.png; path = "Profile-Filled@2x.png"; sourceTree = "<group>"; };
		E9221CF719FBBD35002FF3E0 /* SettingsTableViewController.swift */ = {isa = PBXFileReference; fileEncoding = 4; lastKnownFileType = sourcecode.swift; path = SettingsTableViewController.swift; sourceTree = "<group>"; };
		E92D4C75199CF2B80017B751 /* ProfileViewController.swift */ = {isa = PBXFileReference; fileEncoding = 4; lastKnownFileType = sourcecode.swift; path = ProfileViewController.swift; sourceTree = "<group>"; };
		E95A17151A5FC63200006AFD /* Star-Filled.png */ = {isa = PBXFileReference; lastKnownFileType = image.png; path = "Star-Filled.png"; sourceTree = "<group>"; };
		E95A17161A5FC63200006AFD /* Star-Filled@2x.png */ = {isa = PBXFileReference; lastKnownFileType = image.png; path = "Star-Filled@2x.png"; sourceTree = "<group>"; };
		E96F678C199645E4004038DF /* NewTweetViewController.swift */ = {isa = PBXFileReference; fileEncoding = 4; lastKnownFileType = sourcecode.swift; path = NewTweetViewController.swift; sourceTree = "<group>"; };
		E97594291A4127F800BFD41F /* libcommonCrypto.dylib */ = {isa = PBXFileReference; lastKnownFileType = "compiled.mach-o.dylib"; name = libcommonCrypto.dylib; path = usr/lib/system/libcommonCrypto.dylib; sourceTree = SDKROOT; };
		E9770D5A1A31CBB300E7153C /* SwipeViewController.swift */ = {isa = PBXFileReference; fileEncoding = 4; lastKnownFileType = sourcecode.swift; path = SwipeViewController.swift; sourceTree = "<group>"; };
		E9770D5E1A32160800E7153C /* Warning.png */ = {isa = PBXFileReference; lastKnownFileType = image.png; path = Warning.png; sourceTree = "<group>"; };
		E9770D5F1A32160800E7153C /* Warning@2x.png */ = {isa = PBXFileReference; lastKnownFileType = image.png; path = "Warning@2x.png"; sourceTree = "<group>"; };
		E977A7F919B4C8C500892005 /* TweetDetailViewController.swift */ = {isa = PBXFileReference; fileEncoding = 4; lastKnownFileType = sourcecode.swift; path = TweetDetailViewController.swift; sourceTree = "<group>"; };
		E9797B19199526EF000FC13C /* Accounts.framework */ = {isa = PBXFileReference; lastKnownFileType = wrapper.framework; name = Accounts.framework; path = System/Library/Frameworks/Accounts.framework; sourceTree = SDKROOT; };
		E9797B1B199526F6000FC13C /* Social.framework */ = {isa = PBXFileReference; lastKnownFileType = wrapper.framework; name = Social.framework; path = System/Library/Frameworks/Social.framework; sourceTree = SDKROOT; };
		E9797B1F1995325E000FC13C /* TimelineViewCell.swift */ = {isa = PBXFileReference; fileEncoding = 4; lastKnownFileType = sourcecode.swift; path = TimelineViewCell.swift; sourceTree = "<group>"; };
		E9830C03199A89A2005BBF42 /* Whalebird-Bridging-Header.h */ = {isa = PBXFileReference; lastKnownFileType = sourcecode.c.h; path = "Whalebird-Bridging-Header.h"; sourceTree = "<group>"; };
		E9869EE719AE370F009DD99D /* QuartzCore.framework */ = {isa = PBXFileReference; lastKnownFileType = wrapper.framework; name = QuartzCore.framework; path = System/Library/Frameworks/QuartzCore.framework; sourceTree = SDKROOT; };
		E9956AE419D1E12500E15D7C /* Home.png */ = {isa = PBXFileReference; lastKnownFileType = image.png; path = Home.png; sourceTree = "<group>"; };
		E9956AE519D1E12500E15D7C /* Home@2x.png */ = {isa = PBXFileReference; lastKnownFileType = image.png; path = "Home@2x.png"; sourceTree = "<group>"; };
		E9956AE819D1E19700E15D7C /* Speaking-Line.png */ = {isa = PBXFileReference; lastKnownFileType = image.png; path = "Speaking-Line.png"; sourceTree = "<group>"; };
		E9956AE919D1E19700E15D7C /* Speaking-Line@2x.png */ = {isa = PBXFileReference; lastKnownFileType = image.png; path = "Speaking-Line@2x.png"; sourceTree = "<group>"; };
		E9956AEC19D1E1CE00E15D7C /* List-Boxes.png */ = {isa = PBXFileReference; lastKnownFileType = image.png; path = "List-Boxes.png"; sourceTree = "<group>"; };
		E9956AED19D1E1CE00E15D7C /* List-Boxes@2x.png */ = {isa = PBXFileReference; lastKnownFileType = image.png; path = "List-Boxes@2x.png"; sourceTree = "<group>"; };
		E9956AF419D1E21700E15D7C /* Settings-Line.png */ = {isa = PBXFileReference; lastKnownFileType = image.png; path = "Settings-Line.png"; sourceTree = "<group>"; };
		E9956AF519D1E21700E15D7C /* Settings-Line@2x.png */ = {isa = PBXFileReference; lastKnownFileType = image.png; path = "Settings-Line@2x.png"; sourceTree = "<group>"; };
		E9956B1019D1ECCB00E15D7C /* Import-Line.png */ = {isa = PBXFileReference; lastKnownFileType = image.png; path = "Import-Line.png"; sourceTree = "<group>"; };
		E9956B1119D1ECCB00E15D7C /* Import-Line@2x.png */ = {isa = PBXFileReference; lastKnownFileType = image.png; path = "Import-Line@2x.png"; sourceTree = "<group>"; };
		E9956B1419D1ECD300E15D7C /* More-Line.png */ = {isa = PBXFileReference; lastKnownFileType = image.png; path = "More-Line.png"; sourceTree = "<group>"; };
		E9956B1519D1ECD300E15D7C /* More-Line@2x.png */ = {isa = PBXFileReference; lastKnownFileType = image.png; path = "More-Line@2x.png"; sourceTree = "<group>"; };
		E9956B1819D1ECDB00E15D7C /* Star-Line.png */ = {isa = PBXFileReference; lastKnownFileType = image.png; path = "Star-Line.png"; sourceTree = "<group>"; };
		E9956B1919D1ECDB00E15D7C /* Star-Line@2x.png */ = {isa = PBXFileReference; lastKnownFileType = image.png; path = "Star-Line@2x.png"; sourceTree = "<group>"; };
		E9956B1C19D1ECE200E15D7C /* Trash-Line.png */ = {isa = PBXFileReference; lastKnownFileType = image.png; path = "Trash-Line.png"; sourceTree = "<group>"; };
		E9956B1D19D1ECE200E15D7C /* Trash-Line@2x.png */ = {isa = PBXFileReference; lastKnownFileType = image.png; path = "Trash-Line@2x.png"; sourceTree = "<group>"; };
		E9956B2019D1EDBA00E15D7C /* Conversation-Line.png */ = {isa = PBXFileReference; lastKnownFileType = image.png; path = "Conversation-Line.png"; sourceTree = "<group>"; };
		E9956B2119D1EDBA00E15D7C /* Conversation-Line@2x.png */ = {isa = PBXFileReference; lastKnownFileType = image.png; path = "Conversation-Line@2x.png"; sourceTree = "<group>"; };
		E99603A11A20E23400D23629 /* application.h */ = {isa = PBXFileReference; lastKnownFileType = sourcecode.c.h; path = application.h; sourceTree = "<group>"; };
		E9977D151A2746E90091FF24 /* Image.png */ = {isa = PBXFileReference; lastKnownFileType = image.png; path = Image.png; sourceTree = "<group>"; };
		E9977D161A2746E90091FF24 /* Image@2x.png */ = {isa = PBXFileReference; lastKnownFileType = image.png; path = "Image@2x.png"; sourceTree = "<group>"; };
		E9977D191A2746FF0091FF24 /* Camera-Line.png */ = {isa = PBXFileReference; lastKnownFileType = image.png; path = "Camera-Line.png"; sourceTree = "<group>"; };
		E9977D1A1A2746FF0091FF24 /* Camera-Line@2x.png */ = {isa = PBXFileReference; lastKnownFileType = image.png; path = "Camera-Line@2x.png"; sourceTree = "<group>"; };
		E9977D211A28E25B0091FF24 /* Close-Filled.png */ = {isa = PBXFileReference; lastKnownFileType = image.png; name = "Close-Filled.png"; path = "../../CupertinoLine/png/Close-Filled.png"; sourceTree = "<group>"; };
		E9977D231A28E26B0091FF24 /* Close-Filled@2x.png */ = {isa = PBXFileReference; lastKnownFileType = image.png; name = "Close-Filled@2x.png"; path = "../../CupertinoLine/png@2x/Close-Filled@2x.png"; sourceTree = "<group>"; };
		E9A33A2D19AEAFFF0077B673 /* UserstreamAPIClient.swift */ = {isa = PBXFileReference; fileEncoding = 4; lastKnownFileType = sourcecode.swift; path = UserstreamAPIClient.swift; sourceTree = "<group>"; };
		E9A33A2F19AEC6460077B673 /* Foundation.framework */ = {isa = PBXFileReference; lastKnownFileType = wrapper.framework; name = Foundation.framework; path = System/Library/Frameworks/Foundation.framework; sourceTree = SDKROOT; };
		E9BB8C3B1A1786A300C10F32 /* ConversationTableViewController.swift */ = {isa = PBXFileReference; fileEncoding = 4; lastKnownFileType = sourcecode.swift; path = ConversationTableViewController.swift; sourceTree = "<group>"; };
		E9BC3E621A408E5700D2D6BD /* ApplicationSecrets.swift */ = {isa = PBXFileReference; fileEncoding = 4; lastKnownFileType = sourcecode.swift; path = ApplicationSecrets.swift; sourceTree = "<group>"; };
		E9BC3E641A40905E00D2D6BD /* Security.framework */ = {isa = PBXFileReference; lastKnownFileType = wrapper.framework; name = Security.framework; path = System/Library/Frameworks/Security.framework; sourceTree = SDKROOT; };
		E9C5DE0D19C6C3CD00C65CC4 /* ReplyTableViewController.swift */ = {isa = PBXFileReference; fileEncoding = 4; lastKnownFileType = sourcecode.swift; path = ReplyTableViewController.swift; sourceTree = "<group>"; };
		E9C5DE1119C73B8500C65CC4 /* StreamTableViewController.swift */ = {isa = PBXFileReference; fileEncoding = 4; lastKnownFileType = sourcecode.swift; path = StreamTableViewController.swift; sourceTree = "<group>"; };
		E9C5DE1319C73BE400C65CC4 /* ListTableViewController.swift */ = {isa = PBXFileReference; fileEncoding = 4; lastKnownFileType = sourcecode.swift; path = ListTableViewController.swift; sourceTree = "<group>"; };
		E9CD81DD1A3224E600763660 /* noimage.png */ = {isa = PBXFileReference; lastKnownFileType = image.png; path = noimage.png; sourceTree = "<group>"; };
		E9CD81DE1A3224E600763660 /* noimage@2x.png */ = {isa = PBXFileReference; lastKnownFileType = image.png; path = "noimage@2x.png"; sourceTree = "<group>"; };
		E9CD81E11A32FA9E00763660 /* WebViewController.swift */ = {isa = PBXFileReference; fileEncoding = 4; lastKnownFileType = sourcecode.swift; path = WebViewController.swift; sourceTree = "<group>"; };
		E9D1427F1A382E3500EA3E67 /* SearchTableViewController.swift */ = {isa = PBXFileReference; fileEncoding = 4; lastKnownFileType = sourcecode.swift; path = SearchTableViewController.swift; sourceTree = "<group>"; };
		E9D493BE1A35BBDB00DE2051 /* Settings.bundle */ = {isa = PBXFileReference; lastKnownFileType = "wrapper.plug-in"; path = Settings.bundle; sourceTree = "<group>"; };
		E9D493C41A37504C00DE2051 /* profile_back.jpg */ = {isa = PBXFileReference; lastKnownFileType = image.jpeg; path = profile_back.jpg; sourceTree = "<group>"; };
		E9D493C61A37DD6F00DE2051 /* Search-Line.png */ = {isa = PBXFileReference; lastKnownFileType = image.png; path = "Search-Line.png"; sourceTree = "<group>"; };
		E9D493C71A37DD6F00DE2051 /* Search-Line@2x.png */ = {isa = PBXFileReference; lastKnownFileType = image.png; path = "Search-Line@2x.png"; sourceTree = "<group>"; };
		E9D86A401A41336F00920984 /* OriginalCryp.h */ = {isa = PBXFileReference; fileEncoding = 4; lastKnownFileType = sourcecode.c.h; path = OriginalCryp.h; sourceTree = "<group>"; };
		E9D86A411A41336F00920984 /* OriginalCryp.m */ = {isa = PBXFileReference; fileEncoding = 4; lastKnownFileType = sourcecode.c.objc; path = OriginalCryp.m; sourceTree = "<group>"; };
		E9FD20AA19C8808D00A3184C /* StackListTableViewController.swift */ = {isa = PBXFileReference; fileEncoding = 4; lastKnownFileType = sourcecode.swift; path = StackListTableViewController.swift; sourceTree = "<group>"; };
		F93BA7217F214FE3BC6C20D1 /* libPods.a */ = {isa = PBXFileReference; explicitFileType = archive.ar; includeInIndex = 0; path = libPods.a; sourceTree = BUILT_PRODUCTS_DIR; };
/* End PBXFileReference section */

/* Begin PBXFrameworksBuildPhase section */
		E9124390199524E000795EF0 /* Frameworks */ = {
			isa = PBXFrameworksBuildPhase;
			buildActionMask = 2147483647;
			files = (
				E9BC3E651A40905E00D2D6BD /* Security.framework in Frameworks */,
				E9869EE919AE3772009DD99D /* QuartzCore.framework in Frameworks */,
				E9797B1C199526F6000FC13C /* Social.framework in Frameworks */,
				E9797B1A199526EF000FC13C /* Accounts.framework in Frameworks */,
				02F66BA45B9041EDB31326DE /* libPods.a in Frameworks */,
			);
			runOnlyForDeploymentPostprocessing = 0;
		};
		E91243A2199524E000795EF0 /* Frameworks */ = {
			isa = PBXFrameworksBuildPhase;
			buildActionMask = 2147483647;
			files = (
			);
			runOnlyForDeploymentPostprocessing = 0;
		};
/* End PBXFrameworksBuildPhase section */

/* Begin PBXGroup section */
		0249136FA29B42BCB7523044 /* Frameworks */ = {
			isa = PBXGroup;
			children = (
				E97594291A4127F800BFD41F /* libcommonCrypto.dylib */,
				E9BC3E641A40905E00D2D6BD /* Security.framework */,
				E9A33A2F19AEC6460077B673 /* Foundation.framework */,
				E9869EE719AE370F009DD99D /* QuartzCore.framework */,
				F93BA7217F214FE3BC6C20D1 /* libPods.a */,
			);
			name = Frameworks;
			sourceTree = "<group>";
		};
		139551B5CDD3D85E95F73E64 /* Pods */ = {
			isa = PBXGroup;
			children = (
				6F4E1ED78368D8345CEAF0E4 /* Pods.debug.xcconfig */,
				6302B3575397933379859006 /* Pods.release.xcconfig */,
			);
			name = Pods;
			sourceTree = "<group>";
		};
		E912438A199524E000795EF0 = {
			isa = PBXGroup;
			children = (
				E9797B1B199526F6000FC13C /* Social.framework */,
				E9797B19199526EF000FC13C /* Accounts.framework */,
				E9124395199524E000795EF0 /* Whalebird */,
				E91243A8199524E000795EF0 /* WhalebirdTests */,
				E9124394199524E000795EF0 /* Products */,
				0249136FA29B42BCB7523044 /* Frameworks */,
				139551B5CDD3D85E95F73E64 /* Pods */,
			);
			sourceTree = "<group>";
		};
		E9124394199524E000795EF0 /* Products */ = {
			isa = PBXGroup;
			children = (
				E9124393199524E000795EF0 /* Whalebird.app */,
				E91243A5199524E000795EF0 /* WhalebirdTests.xctest */,
			);
			name = Products;
			sourceTree = "<group>";
		};
		E9124395199524E000795EF0 /* Whalebird */ = {
			isa = PBXGroup;
			children = (
				E9D493BE1A35BBDB00DE2051 /* Settings.bundle */,
				E9124398199524E000795EF0 /* AppDelegate.swift */,
				E9221CF719FBBD35002FF3E0 /* SettingsTableViewController.swift */,
				E977A7F919B4C8C500892005 /* TweetDetailViewController.swift */,
				E9BB8C3B1A1786A300C10F32 /* ConversationTableViewController.swift */,
				E9C5DE0D19C6C3CD00C65CC4 /* ReplyTableViewController.swift */,
				E91B20351A11094B008BF1ED /* DirectMessageTableViewController.swift */,
				E91B203D1A13AABA008BF1ED /* NewDirectMessageViewController.swift */,
				E91B203B1A126A06008BF1ED /* MessageDetailViewController.swift */,
				E92D4C75199CF2B80017B751 /* ProfileViewController.swift */,
				E96F678C199645E4004038DF /* NewTweetViewController.swift */,
				E9797B1F1995325E000FC13C /* TimelineViewCell.swift */,
				E9A33A2D19AEAFFF0077B673 /* UserstreamAPIClient.swift */,
				E9D1427F1A382E3500EA3E67 /* SearchTableViewController.swift */,
				E9C5DE1119C73B8500C65CC4 /* StreamTableViewController.swift */,
				E9770D5A1A31CBB300E7153C /* SwipeViewController.swift */,
				E9C5DE1319C73BE400C65CC4 /* ListTableViewController.swift */,
				E9FD20AA19C8808D00A3184C /* StackListTableViewController.swift */,
				E91243B5199525C200795EF0 /* TimelineTableViewController.swift */,
				E91CC5F11A01CC0300FE5BDF /* WhalebirdAPIClient.swift */,
				E91CC5F31A027D3100FE5BDF /* LoginViewController.swift */,
				E9CD81E11A32FA9E00763660 /* WebViewController.swift */,
				E9830C03199A89A2005BBF42 /* Whalebird-Bridging-Header.h */,
				E9BC3E621A408E5700D2D6BD /* ApplicationSecrets.swift */,
				E99603A11A20E23400D23629 /* application.h */,
				E9D86A401A41336F00920984 /* OriginalCryp.h */,
				E9D86A411A41336F00920984 /* OriginalCryp.m */,
				E912439F199524E000795EF0 /* Images.xcassets */,
				E9D493C61A37DD6F00DE2051 /* Search-Line.png */,
				E9D493C71A37DD6F00DE2051 /* Search-Line@2x.png */,
				E9D493C41A37504C00DE2051 /* profile_back.jpg */,
				E9CD81DD1A3224E600763660 /* noimage.png */,
				E9CD81DE1A3224E600763660 /* noimage@2x.png */,
				E9770D5E1A32160800E7153C /* Warning.png */,
				E9770D5F1A32160800E7153C /* Warning@2x.png */,
				E91F12C21A3045260036F982 /* Profile-Filled.png */,
				E91F12C31A3045260036F982 /* Profile-Filled@2x.png */,
				E91F12BE1A3043610036F982 /* List-Dots.png */,
				E91F12BF1A3043610036F982 /* List-Dots@2x.png */,
				E9977D211A28E25B0091FF24 /* Close-Filled.png */,
				E9977D231A28E26B0091FF24 /* Close-Filled@2x.png */,
				E9977D191A2746FF0091FF24 /* Camera-Line.png */,
				E9977D1A1A2746FF0091FF24 /* Camera-Line@2x.png */,
				E9977D151A2746E90091FF24 /* Image.png */,
				E9977D161A2746E90091FF24 /* Image@2x.png */,
				E9956AE419D1E12500E15D7C /* Home.png */,
				E9956AE519D1E12500E15D7C /* Home@2x.png */,
				E9956AE819D1E19700E15D7C /* Speaking-Line.png */,
				E9956AE919D1E19700E15D7C /* Speaking-Line@2x.png */,
				E9956AEC19D1E1CE00E15D7C /* List-Boxes.png */,
				E9956AED19D1E1CE00E15D7C /* List-Boxes@2x.png */,
				E9956AF419D1E21700E15D7C /* Settings-Line.png */,
				E9956AF519D1E21700E15D7C /* Settings-Line@2x.png */,
				E9956B1019D1ECCB00E15D7C /* Import-Line.png */,
				E9956B1119D1ECCB00E15D7C /* Import-Line@2x.png */,
				E9956B1419D1ECD300E15D7C /* More-Line.png */,
				E9956B1519D1ECD300E15D7C /* More-Line@2x.png */,
				E91B20391A11184C008BF1ED /* Mail@2x.png */,
				E91B20371A111844008BF1ED /* Mail.png */,
				E9956B1819D1ECDB00E15D7C /* Star-Line.png */,
				E9956B1919D1ECDB00E15D7C /* Star-Line@2x.png */,
				E95A17151A5FC63200006AFD /* Star-Filled.png */,
				E95A17161A5FC63200006AFD /* Star-Filled@2x.png */,
				E9956B1C19D1ECE200E15D7C /* Trash-Line.png */,
				E9956B1D19D1ECE200E15D7C /* Trash-Line@2x.png */,
				E9956B2019D1EDBA00E15D7C /* Conversation-Line.png */,
				E9956B2119D1EDBA00E15D7C /* Conversation-Line@2x.png */,
				E9124396199524E000795EF0 /* Supporting Files */,
			);
			path = Whalebird;
			sourceTree = "<group>";
		};
		E9124396199524E000795EF0 /* Supporting Files */ = {
			isa = PBXGroup;
			children = (
				E9124397199524E000795EF0 /* Info.plist */,
			);
			name = "Supporting Files";
			sourceTree = "<group>";
		};
		E91243A8199524E000795EF0 /* WhalebirdTests */ = {
			isa = PBXGroup;
			children = (
				E91243AB199524E000795EF0 /* WhalebirdTests.swift */,
				E91243A9199524E000795EF0 /* Supporting Files */,
			);
			path = WhalebirdTests;
			sourceTree = "<group>";
		};
		E91243A9199524E000795EF0 /* Supporting Files */ = {
			isa = PBXGroup;
			children = (
				E91243AA199524E000795EF0 /* Info.plist */,
			);
			name = "Supporting Files";
			sourceTree = "<group>";
		};
/* End PBXGroup section */

/* Begin PBXNativeTarget section */
		E9124392199524E000795EF0 /* Whalebird */ = {
			isa = PBXNativeTarget;
			buildConfigurationList = E91243AF199524E000795EF0 /* Build configuration list for PBXNativeTarget "Whalebird" */;
			buildPhases = (
				6DBED313333D4B8A83058C37 /* Check Pods Manifest.lock */,
				E912438F199524E000795EF0 /* Sources */,
				E9124390199524E000795EF0 /* Frameworks */,
				E9124391199524E000795EF0 /* Resources */,
				A6021E5DC8EF4DCABD838547 /* Copy Pods Resources */,
			);
			buildRules = (
			);
			dependencies = (
			);
			name = Whalebird;
			productName = Whalebird;
			productReference = E9124393199524E000795EF0 /* Whalebird.app */;
			productType = "com.apple.product-type.application";
		};
		E91243A4199524E000795EF0 /* WhalebirdTests */ = {
			isa = PBXNativeTarget;
			buildConfigurationList = E91243B2199524E000795EF0 /* Build configuration list for PBXNativeTarget "WhalebirdTests" */;
			buildPhases = (
				E91243A1199524E000795EF0 /* Sources */,
				E91243A2199524E000795EF0 /* Frameworks */,
				E91243A3199524E000795EF0 /* Resources */,
			);
			buildRules = (
			);
			dependencies = (
				E91243A7199524E000795EF0 /* PBXTargetDependency */,
			);
			name = WhalebirdTests;
			productName = WhalebirdTests;
			productReference = E91243A5199524E000795EF0 /* WhalebirdTests.xctest */;
			productType = "com.apple.product-type.bundle.unit-test";
		};
/* End PBXNativeTarget section */

/* Begin PBXProject section */
		E912438B199524E000795EF0 /* Project object */ = {
			isa = PBXProject;
			attributes = {
				LastUpgradeCheck = 0600;
				ORGANIZATIONNAME = AkiraFukushima;
				TargetAttributes = {
					E9124392199524E000795EF0 = {
						CreatedOnToolsVersion = 6.0;
						DevelopmentTeam = HB4N6B2YVM;
						SystemCapabilities = {
							com.apple.BackgroundModes = {
								enabled = 0;
							};
						};
					};
					E91243A4199524E000795EF0 = {
						CreatedOnToolsVersion = 6.0;
						DevelopmentTeam = HB4N6B2YVM;
						TestTargetID = E9124392199524E000795EF0;
					};
				};
			};
			buildConfigurationList = E912438E199524E000795EF0 /* Build configuration list for PBXProject "Whalebird" */;
			compatibilityVersion = "Xcode 3.2";
			developmentRegion = English;
			hasScannedForEncodings = 0;
			knownRegions = (
				en,
				Base,
			);
			mainGroup = E912438A199524E000795EF0;
			productRefGroup = E9124394199524E000795EF0 /* Products */;
			projectDirPath = "";
			projectRoot = "";
			targets = (
				E9124392199524E000795EF0 /* Whalebird */,
				E91243A4199524E000795EF0 /* WhalebirdTests */,
			);
		};
/* End PBXProject section */

/* Begin PBXResourcesBuildPhase section */
		E9124391199524E000795EF0 /* Resources */ = {
			isa = PBXResourcesBuildPhase;
			buildActionMask = 2147483647;
			files = (
				E9956AE719D1E12500E15D7C /* Home@2x.png in Resources */,
				E95A17171A5FC63200006AFD /* Star-Filled.png in Resources */,
				E9956B2319D1EDBA00E15D7C /* Conversation-Line@2x.png in Resources */,
				E9977D221A28E25B0091FF24 /* Close-Filled.png in Resources */,
				E9956AF619D1E21700E15D7C /* Settings-Line.png in Resources */,
				E9CD81DF1A3224E600763660 /* noimage.png in Resources */,
				E9977D171A2746E90091FF24 /* Image.png in Resources */,
				E91F12C11A3043610036F982 /* List-Dots@2x.png in Resources */,
				E9956B1719D1ECD300E15D7C /* More-Line@2x.png in Resources */,
				E91243A0199524E000795EF0 /* Images.xcassets in Resources */,
				E9956AEF19D1E1CE00E15D7C /* List-Boxes@2x.png in Resources */,
				E9956B1B19D1ECDB00E15D7C /* Star-Line@2x.png in Resources */,
				E91B20381A111844008BF1ED /* Mail.png in Resources */,
				E9956B1E19D1ECE200E15D7C /* Trash-Line.png in Resources */,
				E9D493C51A37504C00DE2051 /* profile_back.jpg in Resources */,
				E9956AF719D1E21700E15D7C /* Settings-Line@2x.png in Resources */,
				E9956B1A19D1ECDB00E15D7C /* Star-Line.png in Resources */,
				E95A17181A5FC63200006AFD /* Star-Filled@2x.png in Resources */,
				E9956B1619D1ECD300E15D7C /* More-Line.png in Resources */,
				E9D493BF1A35BBDB00DE2051 /* Settings.bundle in Resources */,
				E9956B1219D1ECCB00E15D7C /* Import-Line.png in Resources */,
				E9D493C81A37DD6F00DE2051 /* Search-Line.png in Resources */,
				E9D493C91A37DD6F00DE2051 /* Search-Line@2x.png in Resources */,
				E9977D181A2746E90091FF24 /* Image@2x.png in Resources */,
				E9770D611A32160800E7153C /* Warning@2x.png in Resources */,
				E9956B1319D1ECCB00E15D7C /* Import-Line@2x.png in Resources */,
				E9977D1B1A2746FF0091FF24 /* Camera-Line.png in Resources */,
				E9CD81E01A3224E600763660 /* noimage@2x.png in Resources */,
				E91F12C41A3045260036F982 /* Profile-Filled.png in Resources */,
				E9770D601A32160800E7153C /* Warning.png in Resources */,
				E9956AEB19D1E19700E15D7C /* Speaking-Line@2x.png in Resources */,
				E91F12C01A3043610036F982 /* List-Dots.png in Resources */,
				E9977D241A28E26B0091FF24 /* Close-Filled@2x.png in Resources */,
				E9956AEA19D1E19700E15D7C /* Speaking-Line.png in Resources */,
				E9956AEE19D1E1CE00E15D7C /* List-Boxes.png in Resources */,
				E91F12C51A3045260036F982 /* Profile-Filled@2x.png in Resources */,
				E9977D1C1A2746FF0091FF24 /* Camera-Line@2x.png in Resources */,
				E9956AE619D1E12500E15D7C /* Home.png in Resources */,
				E9956B2219D1EDBA00E15D7C /* Conversation-Line.png in Resources */,
				E91B203A1A11184C008BF1ED /* Mail@2x.png in Resources */,
				E9956B1F19D1ECE200E15D7C /* Trash-Line@2x.png in Resources */,
			);
			runOnlyForDeploymentPostprocessing = 0;
		};
		E91243A3199524E000795EF0 /* Resources */ = {
			isa = PBXResourcesBuildPhase;
			buildActionMask = 2147483647;
			files = (
			);
			runOnlyForDeploymentPostprocessing = 0;
		};
/* End PBXResourcesBuildPhase section */

/* Begin PBXShellScriptBuildPhase section */
		6DBED313333D4B8A83058C37 /* Check Pods Manifest.lock */ = {
			isa = PBXShellScriptBuildPhase;
			buildActionMask = 2147483647;
			files = (
			);
			inputPaths = (
			);
			name = "Check Pods Manifest.lock";
			outputPaths = (
			);
			runOnlyForDeploymentPostprocessing = 0;
			shellPath = /bin/sh;
			shellScript = "diff \"${PODS_ROOT}/../Podfile.lock\" \"${PODS_ROOT}/Manifest.lock\" > /dev/null\nif [[ $? != 0 ]] ; then\n    cat << EOM\nerror: The sandbox is not in sync with the Podfile.lock. Run 'pod install' or update your CocoaPods installation.\nEOM\n    exit 1\nfi\n";
			showEnvVarsInLog = 0;
		};
		A6021E5DC8EF4DCABD838547 /* Copy Pods Resources */ = {
			isa = PBXShellScriptBuildPhase;
			buildActionMask = 2147483647;
			files = (
			);
			inputPaths = (
			);
			name = "Copy Pods Resources";
			outputPaths = (
			);
			runOnlyForDeploymentPostprocessing = 0;
			shellPath = /bin/sh;
			shellScript = "\"${SRCROOT}/Pods/Target Support Files/Pods/Pods-resources.sh\"\n";
			showEnvVarsInLog = 0;
		};
/* End PBXShellScriptBuildPhase section */

/* Begin PBXSourcesBuildPhase section */
		E912438F199524E000795EF0 /* Sources */ = {
			isa = PBXSourcesBuildPhase;
			buildActionMask = 2147483647;
			files = (
				E91243B6199525C200795EF0 /* TimelineTableViewController.swift in Sources */,
				E9C5DE1219C73B8500C65CC4 /* StreamTableViewController.swift in Sources */,
				E91B203C1A126A06008BF1ED /* MessageDetailViewController.swift in Sources */,
				E9CD81E21A32FA9E00763660 /* WebViewController.swift in Sources */,
				E9BC3E631A408E5700D2D6BD /* ApplicationSecrets.swift in Sources */,
				E9124399199524E000795EF0 /* AppDelegate.swift in Sources */,
				E91CC5F41A027D3100FE5BDF /* LoginViewController.swift in Sources */,
				E9C5DE1419C73BE400C65CC4 /* ListTableViewController.swift in Sources */,
				E9C5DE0E19C6C3CD00C65CC4 /* ReplyTableViewController.swift in Sources */,
				E9797B201995325E000FC13C /* TimelineViewCell.swift in Sources */,
				E9BB8C3C1A1786A300C10F32 /* ConversationTableViewController.swift in Sources */,
				E9D142801A382E3500EA3E67 /* SearchTableViewController.swift in Sources */,
				E91CC5F21A01CC0300FE5BDF /* WhalebirdAPIClient.swift in Sources */,
				E91B20361A11094B008BF1ED /* DirectMessageTableViewController.swift in Sources */,
				E9221CF819FBBD35002FF3E0 /* SettingsTableViewController.swift in Sources */,
				E9D86A421A41336F00920984 /* OriginalCryp.m in Sources */,
				E9770D5B1A31CBB300E7153C /* SwipeViewController.swift in Sources */,
				E96F678D199645E4004038DF /* NewTweetViewController.swift in Sources */,
				E92D4C76199CF2B80017B751 /* ProfileViewController.swift in Sources */,
				E9A33A2E19AEAFFF0077B673 /* UserstreamAPIClient.swift in Sources */,
				E977A7FA19B4C8C500892005 /* TweetDetailViewController.swift in Sources */,
				E91B203E1A13AABA008BF1ED /* NewDirectMessageViewController.swift in Sources */,
				E9FD20AB19C8808D00A3184C /* StackListTableViewController.swift in Sources */,
			);
			runOnlyForDeploymentPostprocessing = 0;
		};
		E91243A1199524E000795EF0 /* Sources */ = {
			isa = PBXSourcesBuildPhase;
			buildActionMask = 2147483647;
			files = (
				E91243AC199524E000795EF0 /* WhalebirdTests.swift in Sources */,
			);
			runOnlyForDeploymentPostprocessing = 0;
		};
/* End PBXSourcesBuildPhase section */

/* Begin PBXTargetDependency section */
		E91243A7199524E000795EF0 /* PBXTargetDependency */ = {
			isa = PBXTargetDependency;
			target = E9124392199524E000795EF0 /* Whalebird */;
			targetProxy = E91243A6199524E000795EF0 /* PBXContainerItemProxy */;
		};
/* End PBXTargetDependency section */

/* Begin XCBuildConfiguration section */
		E91243AD199524E000795EF0 /* Debug */ = {
			isa = XCBuildConfiguration;
			buildSettings = {
				ALWAYS_SEARCH_USER_PATHS = NO;
				CLANG_CXX_LANGUAGE_STANDARD = "gnu++0x";
				CLANG_CXX_LIBRARY = "libc++";
				CLANG_ENABLE_MODULES = YES;
				CLANG_ENABLE_OBJC_ARC = YES;
				CLANG_WARN_BOOL_CONVERSION = YES;
				CLANG_WARN_CONSTANT_CONVERSION = YES;
				CLANG_WARN_DIRECT_OBJC_ISA_USAGE = YES_ERROR;
				CLANG_WARN_EMPTY_BODY = YES;
				CLANG_WARN_ENUM_CONVERSION = YES;
				CLANG_WARN_INT_CONVERSION = YES;
				CLANG_WARN_OBJC_ROOT_CLASS = YES_ERROR;
				CLANG_WARN_UNREACHABLE_CODE = YES;
				CLANG_WARN__DUPLICATE_METHOD_MATCH = YES;
				CODE_SIGN_IDENTITY = "iPhone Developer";
				"CODE_SIGN_IDENTITY[sdk=iphoneos*]" = "iPhone Developer: Akira Fukushima (9PQ8S3P587)";
				COPY_PHASE_STRIP = NO;
				ENABLE_STRICT_OBJC_MSGSEND = YES;
				GCC_C_LANGUAGE_STANDARD = gnu99;
				GCC_DYNAMIC_NO_PIC = NO;
				GCC_OPTIMIZATION_LEVEL = 0;
				GCC_PREPROCESSOR_DEFINITIONS = (
					"DEBUG=1",
					"$(inherited)",
				);
				GCC_SYMBOLS_PRIVATE_EXTERN = NO;
				GCC_WARN_64_TO_32_BIT_CONVERSION = YES;
				GCC_WARN_ABOUT_RETURN_TYPE = YES_ERROR;
				GCC_WARN_UNDECLARED_SELECTOR = YES;
				GCC_WARN_UNINITIALIZED_AUTOS = YES_AGGRESSIVE;
				GCC_WARN_UNUSED_FUNCTION = YES;
				GCC_WARN_UNUSED_VARIABLE = YES;
				IPHONEOS_DEPLOYMENT_TARGET = 8.0;
				MTL_ENABLE_DEBUG_INFO = YES;
				ONLY_ACTIVE_ARCH = YES;
				PROVISIONING_PROFILE = "0db0d716-e1d8-4cf8-b1b5-f7faef499e4c";
				SDKROOT = iphoneos;
				SWIFT_OPTIMIZATION_LEVEL = "-Onone";
			};
			name = Debug;
		};
		E91243AE199524E000795EF0 /* Release */ = {
			isa = XCBuildConfiguration;
			buildSettings = {
				ALWAYS_SEARCH_USER_PATHS = NO;
				CLANG_CXX_LANGUAGE_STANDARD = "gnu++0x";
				CLANG_CXX_LIBRARY = "libc++";
				CLANG_ENABLE_MODULES = YES;
				CLANG_ENABLE_OBJC_ARC = YES;
				CLANG_WARN_BOOL_CONVERSION = YES;
				CLANG_WARN_CONSTANT_CONVERSION = YES;
				CLANG_WARN_DIRECT_OBJC_ISA_USAGE = YES_ERROR;
				CLANG_WARN_EMPTY_BODY = YES;
				CLANG_WARN_ENUM_CONVERSION = YES;
				CLANG_WARN_INT_CONVERSION = YES;
				CLANG_WARN_OBJC_ROOT_CLASS = YES_ERROR;
				CLANG_WARN_UNREACHABLE_CODE = YES;
				CLANG_WARN__DUPLICATE_METHOD_MATCH = YES;
				CODE_SIGN_IDENTITY = "iPhone Developer";
				"CODE_SIGN_IDENTITY[sdk=iphoneos*]" = "iPhone Distribution: Akira Fukushima (HB4N6B2YVM)";
				COPY_PHASE_STRIP = YES;
				ENABLE_NS_ASSERTIONS = NO;
				ENABLE_STRICT_OBJC_MSGSEND = YES;
				GCC_C_LANGUAGE_STANDARD = gnu99;
				GCC_WARN_64_TO_32_BIT_CONVERSION = YES;
				GCC_WARN_ABOUT_RETURN_TYPE = YES_ERROR;
				GCC_WARN_UNDECLARED_SELECTOR = YES;
				GCC_WARN_UNINITIALIZED_AUTOS = YES_AGGRESSIVE;
				GCC_WARN_UNUSED_FUNCTION = YES;
				GCC_WARN_UNUSED_VARIABLE = YES;
				IPHONEOS_DEPLOYMENT_TARGET = 8.0;
				MTL_ENABLE_DEBUG_INFO = NO;
				PROVISIONING_PROFILE = "b777e2a1-cff6-45c6-a498-581d0faf8546";
				SDKROOT = iphoneos;
				VALIDATE_PRODUCT = YES;
			};
			name = Release;
		};
		E91243B0199524E000795EF0 /* Debug */ = {
			isa = XCBuildConfiguration;
			baseConfigurationReference = 6F4E1ED78368D8345CEAF0E4 /* Pods.debug.xcconfig */;
			buildSettings = {
				APIURL = "http://192.168.0.18:3000/";
				ASSETCATALOG_COMPILER_APPICON_NAME = AppIcon;
				ASSETCATALOG_COMPILER_LAUNCHIMAGE_NAME = LaunchImage;
				CLANG_ENABLE_MODULES = YES;
				CODE_SIGN_IDENTITY = "iPhone Developer";
				"CODE_SIGN_IDENTITY[sdk=iphoneos*]" = "iPhone Developer: Akira Fukushima (9PQ8S3P587)";
				FRAMEWORK_SEARCH_PATHS = "$(inherited)";
				GCC_OPTIMIZATION_LEVEL = 0;
				INFOPLIST_FILE = Whalebird/Info.plist;
				LD_RUNPATH_SEARCH_PATHS = "$(inherited) @executable_path/Frameworks";
				LIBRARY_SEARCH_PATHS = (
					"$(inherited)",
					"$(SDKROOT)/usr/lib/system",
				);
				PRODUCT_NAME = "$(TARGET_NAME)";
				PROVISIONING_PROFILE = "0db0d716-e1d8-4cf8-b1b5-f7faef499e4c";
				SWIFT_OBJC_BRIDGING_HEADER = "Whalebird/Whalebird-Bridging-Header.h";
				SWIFT_OPTIMIZATION_LEVEL = "-Onone";
				WebURL = "http://192.168.33.14:3001/";
			};
			name = Debug;
		};
		E91243B1199524E000795EF0 /* Release */ = {
			isa = XCBuildConfiguration;
			baseConfigurationReference = 6302B3575397933379859006 /* Pods.release.xcconfig */;
			buildSettings = {
				APIURL = "http://api.whalebird.org/";
				ASSETCATALOG_COMPILER_APPICON_NAME = AppIcon;
				ASSETCATALOG_COMPILER_LAUNCHIMAGE_NAME = LaunchImage;
				CLANG_ENABLE_MODULES = YES;
				CODE_SIGN_IDENTITY = "iPhone Developer";
				"CODE_SIGN_IDENTITY[sdk=iphoneos*]" = "iPhone Distribution: Akira Fukushima (HB4N6B2YVM)";
				FRAMEWORK_SEARCH_PATHS = "$(inherited)";
				GCC_OPTIMIZATION_LEVEL = s;
				INFOPLIST_FILE = Whalebird/Info.plist;
				LD_RUNPATH_SEARCH_PATHS = "$(inherited) @executable_path/Frameworks";
				LIBRARY_SEARCH_PATHS = (
					"$(inherited)",
					"$(SDKROOT)/usr/lib/system",
				);
				PRODUCT_NAME = "$(TARGET_NAME)";
				PROVISIONING_PROFILE = "b777e2a1-cff6-45c6-a498-581d0faf8546";
				SWIFT_OBJC_BRIDGING_HEADER = "Whalebird/Whalebird-Bridging-Header.h";
				WebURL = "http://whalebird.org/";
			};
			name = Release;
		};
		E91243B3199524E000795EF0 /* Debug */ = {
			isa = XCBuildConfiguration;
			buildSettings = {
				BUNDLE_LOADER = "$(TEST_HOST)";
				CODE_SIGN_IDENTITY = "iPhone Developer";
				"CODE_SIGN_IDENTITY[sdk=iphoneos*]" = "iPhone Developer";
				FRAMEWORK_SEARCH_PATHS = (
					"$(SDKROOT)/Developer/Library/Frameworks",
					"$(inherited)",
				);
				GCC_PREPROCESSOR_DEFINITIONS = (
					"DEBUG=1",
					"$(inherited)",
				);
				INFOPLIST_FILE = WhalebirdTests/Info.plist;
				LD_RUNPATH_SEARCH_PATHS = "$(inherited) @executable_path/Frameworks @loader_path/Frameworks";
				PRODUCT_NAME = "$(TARGET_NAME)";
				PROVISIONING_PROFILE = "";
				TEST_HOST = "$(BUILT_PRODUCTS_DIR)/Whalebird.app/Whalebird";
			};
			name = Debug;
		};
		E91243B4199524E000795EF0 /* Release */ = {
			isa = XCBuildConfiguration;
			buildSettings = {
				BUNDLE_LOADER = "$(TEST_HOST)";
				CODE_SIGN_IDENTITY = "iPhone Developer";
				"CODE_SIGN_IDENTITY[sdk=iphoneos*]" = "iPhone Developer";
				FRAMEWORK_SEARCH_PATHS = (
					"$(SDKROOT)/Developer/Library/Frameworks",
					"$(inherited)",
				);
				INFOPLIST_FILE = WhalebirdTests/Info.plist;
				LD_RUNPATH_SEARCH_PATHS = "$(inherited) @executable_path/Frameworks @loader_path/Frameworks";
				PRODUCT_NAME = "$(TARGET_NAME)";
				PROVISIONING_PROFILE = "";
				TEST_HOST = "$(BUILT_PRODUCTS_DIR)/Whalebird.app/Whalebird";
			};
			name = Release;
		};
/* End XCBuildConfiguration section */

/* Begin XCConfigurationList section */
		E912438E199524E000795EF0 /* Build configuration list for PBXProject "Whalebird" */ = {
			isa = XCConfigurationList;
			buildConfigurations = (
				E91243AD199524E000795EF0 /* Debug */,
				E91243AE199524E000795EF0 /* Release */,
			);
			defaultConfigurationIsVisible = 0;
			defaultConfigurationName = Release;
		};
		E91243AF199524E000795EF0 /* Build configuration list for PBXNativeTarget "Whalebird" */ = {
			isa = XCConfigurationList;
			buildConfigurations = (
				E91243B0199524E000795EF0 /* Debug */,
				E91243B1199524E000795EF0 /* Release */,
			);
			defaultConfigurationIsVisible = 0;
			defaultConfigurationName = Release;
		};
		E91243B2199524E000795EF0 /* Build configuration list for PBXNativeTarget "WhalebirdTests" */ = {
			isa = XCConfigurationList;
			buildConfigurations = (
				E91243B3199524E000795EF0 /* Debug */,
				E91243B4199524E000795EF0 /* Release */,
			);
			defaultConfigurationIsVisible = 0;
			defaultConfigurationName = Release;
		};
/* End XCConfigurationList section */
	};
	rootObject = E912438B199524E000795EF0 /* Project object */;
}
