// !$*UTF8*$!
{
	archiveVersion = 1;
	classes = {
	};
	objectVersion = 46;
	objects = {

/* Begin PBXBuildFile section */
		24AE8E33C472E371892F4C5A /* Pods_Whalebird_WhalebirdTests.framework in Frameworks */ = {isa = PBXBuildFile; fileRef = DE95EA0A8070A01ABEBBECBE /* Pods_Whalebird_WhalebirdTests.framework */; };
		B3FCE42658FBFA4D9965FB4A /* Pods_Whalebird.framework in Frameworks */ = {isa = PBXBuildFile; fileRef = 8B397D56A446EFB001DDDC38 /* Pods_Whalebird.framework */; };
		E9073A9E1B35B0E40049FCC2 /* NotificationUnread.swift in Sources */ = {isa = PBXBuildFile; fileRef = E9073A9D1B35B0E40049FCC2 /* NotificationUnread.swift */; };
		E9124399199524E000795EF0 /* AppDelegate.swift in Sources */ = {isa = PBXBuildFile; fileRef = E9124398199524E000795EF0 /* AppDelegate.swift */; };
		E91243A0199524E000795EF0 /* Images.xcassets in Resources */ = {isa = PBXBuildFile; fileRef = E912439F199524E000795EF0 /* Images.xcassets */; };
		E91243AC199524E000795EF0 /* WhalebirdTests.swift in Sources */ = {isa = PBXBuildFile; fileRef = E91243AB199524E000795EF0 /* WhalebirdTests.swift */; };
		E91243B6199525C200795EF0 /* TimelineTableViewController.swift in Sources */ = {isa = PBXBuildFile; fileRef = E91243B5199525C200795EF0 /* TimelineTableViewController.swift */; };
		E916DF581B386BD00028CCC3 /* FriendsList.swift in Sources */ = {isa = PBXBuildFile; fileRef = E916DF571B386BD00028CCC3 /* FriendsList.swift */; };
		E91B20361A11094B008BF1ED /* DirectMessageTableViewController.swift in Sources */ = {isa = PBXBuildFile; fileRef = E91B20351A11094B008BF1ED /* DirectMessageTableViewController.swift */; };
		E91B203C1A126A06008BF1ED /* MessageDetailViewController.swift in Sources */ = {isa = PBXBuildFile; fileRef = E91B203B1A126A06008BF1ED /* MessageDetailViewController.swift */; };
		E91B203E1A13AABA008BF1ED /* NewDirectMessageViewController.swift in Sources */ = {isa = PBXBuildFile; fileRef = E91B203D1A13AABA008BF1ED /* NewDirectMessageViewController.swift */; };
		E91CC5F21A01CC0300FE5BDF /* WhalebirdAPIClient.swift in Sources */ = {isa = PBXBuildFile; fileRef = E91CC5F11A01CC0300FE5BDF /* WhalebirdAPIClient.swift */; };
		E91CC5F41A027D3100FE5BDF /* LoginViewController.swift in Sources */ = {isa = PBXBuildFile; fileRef = E91CC5F31A027D3100FE5BDF /* LoginViewController.swift */; };
		E9221CF819FBBD35002FF3E0 /* SettingsTableViewController.swift in Sources */ = {isa = PBXBuildFile; fileRef = E9221CF719FBBD35002FF3E0 /* SettingsTableViewController.swift */; };
		E92C49E31A9C6BBB006BD492 /* Social.framework in Frameworks */ = {isa = PBXBuildFile; fileRef = E9797B1B199526F6000FC13C /* Social.framework */; };
		E92C49E41A9C6BC3006BD492 /* Accounts.framework in Frameworks */ = {isa = PBXBuildFile; fileRef = E9797B19199526EF000FC13C /* Accounts.framework */; };
		E92C49F11A9C6D03006BD492 /* QuartzCore.framework in Frameworks */ = {isa = PBXBuildFile; fileRef = E9869EE719AE370F009DD99D /* QuartzCore.framework */; };
		E92D4C76199CF2B80017B751 /* ProfileViewController.swift in Sources */ = {isa = PBXBuildFile; fileRef = E92D4C75199CF2B80017B751 /* ProfileViewController.swift */; };
		E934330F1A9C5ED6004ACC03 /* BigIntegerTests.swift in Sources */ = {isa = PBXBuildFile; fileRef = E934330E1A9C5ED6004ACC03 /* BigIntegerTests.swift */; };
		E942FEED1E1FDF9B0014956D /* Localizable.strings in Resources */ = {isa = PBXBuildFile; fileRef = E942FEEF1E1FDF9B0014956D /* Localizable.strings */; };
		E942FEF31E1FEDFB0014956D /* Settings.strings in Resources */ = {isa = PBXBuildFile; fileRef = E942FEF51E1FEDFB0014956D /* Settings.strings */; };
		E942FEF91E20AC430014956D /* Timeline.strings in Resources */ = {isa = PBXBuildFile; fileRef = E942FEFB1E20AC430014956D /* Timeline.strings */; };
		E942FEFF1E210BA40014956D /* NewTweet.strings in Resources */ = {isa = PBXBuildFile; fileRef = E942FF011E210BA40014956D /* NewTweet.strings */; };
		E942FF051E2137050014956D /* TweetDetail.strings in Resources */ = {isa = PBXBuildFile; fileRef = E942FF071E2137050014956D /* TweetDetail.strings */; };
		E942FF121E21461F0014956D /* Conversation.strings in Resources */ = {isa = PBXBuildFile; fileRef = E942FF141E21461F0014956D /* Conversation.strings */; };
		E942FF181E2153CF0014956D /* Reply.strings in Resources */ = {isa = PBXBuildFile; fileRef = E942FF1A1E2153CF0014956D /* Reply.strings */; };
		E942FF1E1E2154FC0014956D /* DirectMessage.strings in Resources */ = {isa = PBXBuildFile; fileRef = E942FF201E2154FC0014956D /* DirectMessage.strings */; };
		E942FF241E2156060014956D /* NewDirectMessage.strings in Resources */ = {isa = PBXBuildFile; fileRef = E942FF261E2156060014956D /* NewDirectMessage.strings */; };
		E942FF2A1E2157D30014956D /* MessageDetail.strings in Resources */ = {isa = PBXBuildFile; fileRef = E942FF2C1E2157D30014956D /* MessageDetail.strings */; };
		E942FF301E2159630014956D /* Profile.strings in Resources */ = {isa = PBXBuildFile; fileRef = E942FF321E2159630014956D /* Profile.strings */; };
		E942FF361E22171C0014956D /* EditImage.strings in Resources */ = {isa = PBXBuildFile; fileRef = E942FF381E22171C0014956D /* EditImage.strings */; };
		E942FF3C1E2218BB0014956D /* Minute.strings in Resources */ = {isa = PBXBuildFile; fileRef = E942FF3E1E2218BB0014956D /* Minute.strings */; };
		E942FF421E2219DB0014956D /* Search.strings in Resources */ = {isa = PBXBuildFile; fileRef = E942FF441E2219DB0014956D /* Search.strings */; };
		E942FF481E221C970014956D /* List.strings in Resources */ = {isa = PBXBuildFile; fileRef = E942FF4A1E221C970014956D /* List.strings */; };
		E942FF4E1E221DBF0014956D /* StackList.strings in Resources */ = {isa = PBXBuildFile; fileRef = E942FF501E221DBF0014956D /* StackList.strings */; };
		E942FF541E221E9A0014956D /* Login.strings in Resources */ = {isa = PBXBuildFile; fileRef = E942FF561E221E9A0014956D /* Login.strings */; };
		E942FF5A1E221FD00014956D /* WebView.strings in Resources */ = {isa = PBXBuildFile; fileRef = E942FF5C1E221FD00014956D /* WebView.strings */; };
		E942FF601E2222FC0014956D /* API.strings in Resources */ = {isa = PBXBuildFile; fileRef = E942FF621E2222FC0014956D /* API.strings */; };
		E942FF661E22280E0014956D /* AppDelegate.strings in Resources */ = {isa = PBXBuildFile; fileRef = E942FF681E22280E0014956D /* AppDelegate.strings */; };
		E942FF6C1E2282EE0014956D /* StreamList.strings in Resources */ = {isa = PBXBuildFile; fileRef = E942FF6E1E2282EE0014956D /* StreamList.strings */; };
		E94ABBF71B74F1AF00EEB5DF /* MessageModel.swift in Sources */ = {isa = PBXBuildFile; fileRef = E94ABBF61B74F1AF00EEB5DF /* MessageModel.swift */; };
		E9514A771A9AF39700BC4811 /* BigInteger.swift in Sources */ = {isa = PBXBuildFile; fileRef = E9514A761A9AF39700BC4811 /* BigInteger.swift */; };
		E95D32111B87818000F969F9 /* TagsList.swift in Sources */ = {isa = PBXBuildFile; fileRef = E95D32101B87818000F969F9 /* TagsList.swift */; };
		E95D32141B8850C600F969F9 /* NewTweetModel.swift in Sources */ = {isa = PBXBuildFile; fileRef = E95D32131B8850C600F969F9 /* NewTweetModel.swift */; };
		E967C8501BAD9F5500DEC52F /* NewTweetModelTests.swift in Sources */ = {isa = PBXBuildFile; fileRef = E967C84F1BAD9F5500DEC52F /* NewTweetModelTests.swift */; };
		E967C8521BADA53200DEC52F /* TagsListTests.swift in Sources */ = {isa = PBXBuildFile; fileRef = E967C8511BADA53200DEC52F /* TagsListTests.swift */; };
		E967C8541BADBCE900DEC52F /* FriendsListTests.swift in Sources */ = {isa = PBXBuildFile; fileRef = E967C8531BADBCE900DEC52F /* FriendsListTests.swift */; };
		E967C8821BAF07E400DEC52F /* MinuteModelTests.swift in Sources */ = {isa = PBXBuildFile; fileRef = E967C8811BAF07E400DEC52F /* MinuteModelTests.swift */; };
		E96F678D199645E4004038DF /* NewTweetViewController.swift in Sources */ = {isa = PBXBuildFile; fileRef = E96F678C199645E4004038DF /* NewTweetViewController.swift */; };
		E975227F1B65292E00AEB430 /* StreamList.swift in Sources */ = {isa = PBXBuildFile; fileRef = E975227E1B65292E00AEB430 /* StreamList.swift */; };
		E97522831B667EC600AEB430 /* MinuteModel.swift in Sources */ = {isa = PBXBuildFile; fileRef = E97522821B667EC600AEB430 /* MinuteModel.swift */; };
		E9770D5B1A31CBB300E7153C /* SwipeViewController.swift in Sources */ = {isa = PBXBuildFile; fileRef = E9770D5A1A31CBB300E7153C /* SwipeViewController.swift */; };
		E977A7FA19B4C8C500892005 /* TweetDetailViewController.swift in Sources */ = {isa = PBXBuildFile; fileRef = E977A7F919B4C8C500892005 /* TweetDetailViewController.swift */; };
		E9797B1A199526EF000FC13C /* Accounts.framework in Frameworks */ = {isa = PBXBuildFile; fileRef = E9797B19199526EF000FC13C /* Accounts.framework */; };
		E9797B1C199526F6000FC13C /* Social.framework in Frameworks */ = {isa = PBXBuildFile; fileRef = E9797B1B199526F6000FC13C /* Social.framework */; };
		E9797B201995325E000FC13C /* TimelineViewCell.swift in Sources */ = {isa = PBXBuildFile; fileRef = E9797B1F1995325E000FC13C /* TimelineViewCell.swift */; };
		E97EA3181AACB09800C0E0E3 /* EditImageViewController.swift in Sources */ = {isa = PBXBuildFile; fileRef = E97EA3171AACB09800C0E0E3 /* EditImageViewController.swift */; };
		E9869EE919AE3772009DD99D /* QuartzCore.framework in Frameworks */ = {isa = PBXBuildFile; fileRef = E9869EE719AE370F009DD99D /* QuartzCore.framework */; };
		E988D0191B72283B003BAD31 /* TweetModel.swift in Sources */ = {isa = PBXBuildFile; fileRef = E988D0181B72283B003BAD31 /* TweetModel.swift */; };
		E98A579A1BAFAFFC00447960 /* StreamListTests.swift in Sources */ = {isa = PBXBuildFile; fileRef = E98A57991BAFAFFC00447960 /* StreamListTests.swift */; };
		E98A579C1BAFB69A00447960 /* TimelineModelTests.swift in Sources */ = {isa = PBXBuildFile; fileRef = E98A579B1BAFB69A00447960 /* TimelineModelTests.swift */; };
		E98A579E1BB048CC00447960 /* TweetModelTests.swift in Sources */ = {isa = PBXBuildFile; fileRef = E98A579D1BB048CC00447960 /* TweetModelTests.swift */; };
		E98A57A01BB05D5E00447960 /* MessageModelTests.swift in Sources */ = {isa = PBXBuildFile; fileRef = E98A579F1BB05D5E00447960 /* MessageModelTests.swift */; };
		E98A57A21BB05EB900447960 /* NotificationUnread.swift in Sources */ = {isa = PBXBuildFile; fileRef = E98A57A11BB05EB900447960 /* NotificationUnread.swift */; };
		E9A33A2E19AEAFFF0077B673 /* UserstreamAPIClient.swift in Sources */ = {isa = PBXBuildFile; fileRef = E9A33A2D19AEAFFF0077B673 /* UserstreamAPIClient.swift */; };
		E9A742C61B915EAD00D6F373 /* AnimatedImageView.swift in Sources */ = {isa = PBXBuildFile; fileRef = E9A742C51B915EAD00D6F373 /* AnimatedImageView.swift */; };
		E9AB53B21B63B79400C53942 /* TimelineModel.swift in Sources */ = {isa = PBXBuildFile; fileRef = E9AB53B11B63B79400C53942 /* TimelineModel.swift */; };
		E9BB8C3C1A1786A300C10F32 /* ConversationTableViewController.swift in Sources */ = {isa = PBXBuildFile; fileRef = E9BB8C3B1A1786A300C10F32 /* ConversationTableViewController.swift */; };
		E9BC3E631A408E5700D2D6BD /* ApplicationSecrets.swift in Sources */ = {isa = PBXBuildFile; fileRef = E9BC3E621A408E5700D2D6BD /* ApplicationSecrets.swift */; };
		E9BC3E651A40905E00D2D6BD /* Security.framework in Frameworks */ = {isa = PBXBuildFile; fileRef = E9BC3E641A40905E00D2D6BD /* Security.framework */; };
		E9C5DE0E19C6C3CD00C65CC4 /* ReplyTableViewController.swift in Sources */ = {isa = PBXBuildFile; fileRef = E9C5DE0D19C6C3CD00C65CC4 /* ReplyTableViewController.swift */; };
		E9C5DE1219C73B8500C65CC4 /* StreamTableViewController.swift in Sources */ = {isa = PBXBuildFile; fileRef = E9C5DE1119C73B8500C65CC4 /* StreamTableViewController.swift */; };
		E9C5DE1419C73BE400C65CC4 /* ListTableViewController.swift in Sources */ = {isa = PBXBuildFile; fileRef = E9C5DE1319C73BE400C65CC4 /* ListTableViewController.swift */; };
		E9CD577E1D8D5AFB00487BC8 /* SearchAddListTableViewController.swift in Sources */ = {isa = PBXBuildFile; fileRef = E9CD577D1D8D5AFB00487BC8 /* SearchAddListTableViewController.swift */; };
		E9CD81E21A32FA9E00763660 /* WebViewController.swift in Sources */ = {isa = PBXBuildFile; fileRef = E9CD81E11A32FA9E00763660 /* WebViewController.swift */; };
		E9D142801A382E3500EA3E67 /* SearchTableViewController.swift in Sources */ = {isa = PBXBuildFile; fileRef = E9D1427F1A382E3500EA3E67 /* SearchTableViewController.swift */; };
		E9D493BF1A35BBDB00DE2051 /* Settings.bundle in Resources */ = {isa = PBXBuildFile; fileRef = E9D493BE1A35BBDB00DE2051 /* Settings.bundle */; };
		E9DD20711A9C723A002C3FF1 /* ApplicationSecretsTests.swift in Sources */ = {isa = PBXBuildFile; fileRef = E9DD20701A9C723A002C3FF1 /* ApplicationSecretsTests.swift */; };
		E9DD20751A9C7782002C3FF1 /* WhalebirdAPIClientTests.swift in Sources */ = {isa = PBXBuildFile; fileRef = E9DD20741A9C7782002C3FF1 /* WhalebirdAPIClientTests.swift */; };
		E9DD20771A9C7FFA002C3FF1 /* UserstreamAPIClientTests.swift in Sources */ = {isa = PBXBuildFile; fileRef = E9DD20761A9C7FFA002C3FF1 /* UserstreamAPIClientTests.swift */; };
		E9E9206B1A8CE4E5002F24D0 /* MediaViewController.swift in Sources */ = {isa = PBXBuildFile; fileRef = E9E9206A1A8CE4E5002F24D0 /* MediaViewController.swift */; };
		E9E9206D1A8E011E002F24D0 /* MinuteTableViewController.swift in Sources */ = {isa = PBXBuildFile; fileRef = E9E9206C1A8E011E002F24D0 /* MinuteTableViewController.swift */; };
		E9FD20AB19C8808D00A3184C /* StackListTableViewController.swift in Sources */ = {isa = PBXBuildFile; fileRef = E9FD20AA19C8808D00A3184C /* StackListTableViewController.swift */; };
		E9FD9AF21B8E1CFB0026890A /* MediaImageView.swift in Sources */ = {isa = PBXBuildFile; fileRef = E9FD9AF11B8E1CFB0026890A /* MediaImageView.swift */; };
/* End PBXBuildFile section */

/* Begin PBXContainerItemProxy section */
		E91243A6199524E000795EF0 /* PBXContainerItemProxy */ = {
			isa = PBXContainerItemProxy;
			containerPortal = E912438B199524E000795EF0 /* Project object */;
			proxyType = 1;
			remoteGlobalIDString = E9124392199524E000795EF0;
			remoteInfo = Whalebird;
		};
/* End PBXContainerItemProxy section */

/* Begin PBXFileReference section */
		0A77B9941FA64239BE3DC901 /* Pods-Whalebird-WhalebirdTests.release.xcconfig */ = {isa = PBXFileReference; includeInIndex = 1; lastKnownFileType = text.xcconfig; name = "Pods-Whalebird-WhalebirdTests.release.xcconfig"; path = "Pods/Target Support Files/Pods-Whalebird-WhalebirdTests/Pods-Whalebird-WhalebirdTests.release.xcconfig"; sourceTree = "<group>"; };
		0C756EA81D6D16F5124613C0 /* Pods-Whalebird.debug.xcconfig */ = {isa = PBXFileReference; includeInIndex = 1; lastKnownFileType = text.xcconfig; name = "Pods-Whalebird.debug.xcconfig"; path = "Pods/Target Support Files/Pods-Whalebird/Pods-Whalebird.debug.xcconfig"; sourceTree = "<group>"; };
		1B819DF1AB87096E57ED1DCB /* Pods-Whalebird-WhalebirdTests.debug.xcconfig */ = {isa = PBXFileReference; includeInIndex = 1; lastKnownFileType = text.xcconfig; name = "Pods-Whalebird-WhalebirdTests.debug.xcconfig"; path = "Pods/Target Support Files/Pods-Whalebird-WhalebirdTests/Pods-Whalebird-WhalebirdTests.debug.xcconfig"; sourceTree = "<group>"; };
		8B397D56A446EFB001DDDC38 /* Pods_Whalebird.framework */ = {isa = PBXFileReference; explicitFileType = wrapper.framework; includeInIndex = 0; path = Pods_Whalebird.framework; sourceTree = BUILT_PRODUCTS_DIR; };
		B1DD5D281C674F48C2498983 /* Pods.framework */ = {isa = PBXFileReference; explicitFileType = wrapper.framework; includeInIndex = 0; path = Pods.framework; sourceTree = BUILT_PRODUCTS_DIR; };
		B24446D268050AF194D936BF /* Pods-Whalebird.release.xcconfig */ = {isa = PBXFileReference; includeInIndex = 1; lastKnownFileType = text.xcconfig; name = "Pods-Whalebird.release.xcconfig"; path = "Pods/Target Support Files/Pods-Whalebird/Pods-Whalebird.release.xcconfig"; sourceTree = "<group>"; };
		DE95EA0A8070A01ABEBBECBE /* Pods_Whalebird_WhalebirdTests.framework */ = {isa = PBXFileReference; explicitFileType = wrapper.framework; includeInIndex = 0; path = Pods_Whalebird_WhalebirdTests.framework; sourceTree = BUILT_PRODUCTS_DIR; };
		E9073A9D1B35B0E40049FCC2 /* NotificationUnread.swift */ = {isa = PBXFileReference; fileEncoding = 4; lastKnownFileType = sourcecode.swift; path = NotificationUnread.swift; sourceTree = "<group>"; };
		E9124393199524E000795EF0 /* Whalebird.app */ = {isa = PBXFileReference; explicitFileType = wrapper.application; includeInIndex = 0; path = Whalebird.app; sourceTree = BUILT_PRODUCTS_DIR; };
		E9124397199524E000795EF0 /* Info.plist */ = {isa = PBXFileReference; lastKnownFileType = text.plist.xml; path = Info.plist; sourceTree = "<group>"; };
		E9124398199524E000795EF0 /* AppDelegate.swift */ = {isa = PBXFileReference; lastKnownFileType = sourcecode.swift; path = AppDelegate.swift; sourceTree = "<group>"; };
		E912439F199524E000795EF0 /* Images.xcassets */ = {isa = PBXFileReference; lastKnownFileType = folder.assetcatalog; path = Images.xcassets; sourceTree = "<group>"; };
		E91243A5199524E000795EF0 /* WhalebirdTests.xctest */ = {isa = PBXFileReference; explicitFileType = wrapper.cfbundle; includeInIndex = 0; path = WhalebirdTests.xctest; sourceTree = BUILT_PRODUCTS_DIR; };
		E91243AA199524E000795EF0 /* Info.plist */ = {isa = PBXFileReference; lastKnownFileType = text.plist.xml; path = Info.plist; sourceTree = "<group>"; };
		E91243AB199524E000795EF0 /* WhalebirdTests.swift */ = {isa = PBXFileReference; lastKnownFileType = sourcecode.swift; path = WhalebirdTests.swift; sourceTree = "<group>"; };
		E91243B5199525C200795EF0 /* TimelineTableViewController.swift */ = {isa = PBXFileReference; fileEncoding = 4; lastKnownFileType = sourcecode.swift; path = TimelineTableViewController.swift; sourceTree = "<group>"; };
		E916DF571B386BD00028CCC3 /* FriendsList.swift */ = {isa = PBXFileReference; fileEncoding = 4; lastKnownFileType = sourcecode.swift; path = FriendsList.swift; sourceTree = "<group>"; };
		E91B20351A11094B008BF1ED /* DirectMessageTableViewController.swift */ = {isa = PBXFileReference; fileEncoding = 4; lastKnownFileType = sourcecode.swift; path = DirectMessageTableViewController.swift; sourceTree = "<group>"; };
		E91B203B1A126A06008BF1ED /* MessageDetailViewController.swift */ = {isa = PBXFileReference; fileEncoding = 4; lastKnownFileType = sourcecode.swift; path = MessageDetailViewController.swift; sourceTree = "<group>"; };
		E91B203D1A13AABA008BF1ED /* NewDirectMessageViewController.swift */ = {isa = PBXFileReference; fileEncoding = 4; lastKnownFileType = sourcecode.swift; path = NewDirectMessageViewController.swift; sourceTree = "<group>"; };
		E91CC5F11A01CC0300FE5BDF /* WhalebirdAPIClient.swift */ = {isa = PBXFileReference; fileEncoding = 4; lastKnownFileType = sourcecode.swift; path = WhalebirdAPIClient.swift; sourceTree = "<group>"; };
		E91CC5F31A027D3100FE5BDF /* LoginViewController.swift */ = {isa = PBXFileReference; fileEncoding = 4; lastKnownFileType = sourcecode.swift; path = LoginViewController.swift; sourceTree = "<group>"; };
		E9221CF719FBBD35002FF3E0 /* SettingsTableViewController.swift */ = {isa = PBXFileReference; fileEncoding = 4; lastKnownFileType = sourcecode.swift; path = SettingsTableViewController.swift; sourceTree = "<group>"; };
		E92C49DD1A9C6B0E006BD492 /* libPods.a */ = {isa = PBXFileReference; lastKnownFileType = archive.ar; name = libPods.a; path = "Pods/build/Debug-iphoneos/libPods.a"; sourceTree = "<group>"; };
		E92C49E01A9C6BA7006BD492 /* libPods.a */ = {isa = PBXFileReference; lastKnownFileType = archive.ar; name = libPods.a; path = "Pods/build/Debug-iphoneos/libPods.a"; sourceTree = "<group>"; };
		E92D4C75199CF2B80017B751 /* ProfileViewController.swift */ = {isa = PBXFileReference; fileEncoding = 4; lastKnownFileType = sourcecode.swift; path = ProfileViewController.swift; sourceTree = "<group>"; };
		E934330E1A9C5ED6004ACC03 /* BigIntegerTests.swift */ = {isa = PBXFileReference; fileEncoding = 4; lastKnownFileType = sourcecode.swift; path = BigIntegerTests.swift; sourceTree = "<group>"; };
		E93433131A9C650D004ACC03 /* libPods.a */ = {isa = PBXFileReference; lastKnownFileType = archive.ar; name = libPods.a; path = "Pods/build/Debug-iphoneos/libPods.a"; sourceTree = "<group>"; };
		E93433161A9C66F0004ACC03 /* libPods.a */ = {isa = PBXFileReference; lastKnownFileType = archive.ar; name = libPods.a; path = "Pods/build/Debug-iphoneos/libPods.a"; sourceTree = "<group>"; };
		E942FEEE1E1FDF9B0014956D /* Base */ = {isa = PBXFileReference; lastKnownFileType = text.plist.strings; name = Base; path = Base.lproj/Localizable.strings; sourceTree = "<group>"; };
		E942FEF01E1FDFD50014956D /* ja */ = {isa = PBXFileReference; lastKnownFileType = text.plist.strings; name = ja; path = ja.lproj/Localizable.strings; sourceTree = "<group>"; };
		E942FEF41E1FEDFB0014956D /* Base */ = {isa = PBXFileReference; lastKnownFileType = text.plist.strings; name = Base; path = Base.lproj/Settings.strings; sourceTree = "<group>"; };
		E942FEF61E1FEE0D0014956D /* ja */ = {isa = PBXFileReference; lastKnownFileType = text.plist.strings; name = ja; path = ja.lproj/Settings.strings; sourceTree = "<group>"; };
		E942FEFA1E20AC430014956D /* Base */ = {isa = PBXFileReference; lastKnownFileType = text.plist.strings; name = Base; path = Base.lproj/Timeline.strings; sourceTree = "<group>"; };
		E942FEFC1E20AC440014956D /* ja */ = {isa = PBXFileReference; lastKnownFileType = text.plist.strings; name = ja; path = ja.lproj/Timeline.strings; sourceTree = "<group>"; };
		E942FF001E210BA40014956D /* Base */ = {isa = PBXFileReference; lastKnownFileType = text.plist.strings; name = Base; path = Base.lproj/NewTweet.strings; sourceTree = "<group>"; };
		E942FF021E210BA60014956D /* ja */ = {isa = PBXFileReference; lastKnownFileType = text.plist.strings; name = ja; path = ja.lproj/NewTweet.strings; sourceTree = "<group>"; };
		E942FF061E2137050014956D /* Base */ = {isa = PBXFileReference; lastKnownFileType = text.plist.strings; name = Base; path = Base.lproj/TweetDetail.strings; sourceTree = "<group>"; };
		E942FF081E21370C0014956D /* ja */ = {isa = PBXFileReference; lastKnownFileType = text.plist.strings; name = ja; path = ja.lproj/TweetDetail.strings; sourceTree = "<group>"; };
		E942FF131E21461F0014956D /* Base */ = {isa = PBXFileReference; lastKnownFileType = text.plist.strings; name = Base; path = Base.lproj/Conversation.strings; sourceTree = "<group>"; };
		E942FF151E2146210014956D /* ja */ = {isa = PBXFileReference; lastKnownFileType = text.plist.strings; name = ja; path = ja.lproj/Conversation.strings; sourceTree = "<group>"; };
		E942FF191E2153CF0014956D /* Base */ = {isa = PBXFileReference; lastKnownFileType = text.plist.strings; name = Base; path = Base.lproj/Reply.strings; sourceTree = "<group>"; };
		E942FF1B1E2153D30014956D /* ja */ = {isa = PBXFileReference; lastKnownFileType = text.plist.strings; name = ja; path = ja.lproj/Reply.strings; sourceTree = "<group>"; };
		E942FF1F1E2154FC0014956D /* Base */ = {isa = PBXFileReference; lastKnownFileType = text.plist.strings; name = Base; path = Base.lproj/DirectMessage.strings; sourceTree = "<group>"; };
		E942FF211E2154FD0014956D /* ja */ = {isa = PBXFileReference; lastKnownFileType = text.plist.strings; name = ja; path = ja.lproj/DirectMessage.strings; sourceTree = "<group>"; };
		E942FF251E2156060014956D /* Base */ = {isa = PBXFileReference; lastKnownFileType = text.plist.strings; name = Base; path = Base.lproj/NewDirectMessage.strings; sourceTree = "<group>"; };
		E942FF271E2156070014956D /* ja */ = {isa = PBXFileReference; lastKnownFileType = text.plist.strings; name = ja; path = ja.lproj/NewDirectMessage.strings; sourceTree = "<group>"; };
		E942FF2B1E2157D30014956D /* Base */ = {isa = PBXFileReference; lastKnownFileType = text.plist.strings; name = Base; path = Base.lproj/MessageDetail.strings; sourceTree = "<group>"; };
		E942FF2D1E2157E50014956D /* ja */ = {isa = PBXFileReference; lastKnownFileType = text.plist.strings; name = ja; path = ja.lproj/MessageDetail.strings; sourceTree = "<group>"; };
		E942FF311E2159630014956D /* Base */ = {isa = PBXFileReference; lastKnownFileType = text.plist.strings; name = Base; path = Base.lproj/Profile.strings; sourceTree = "<group>"; };
		E942FF331E2159650014956D /* ja */ = {isa = PBXFileReference; lastKnownFileType = text.plist.strings; name = ja; path = ja.lproj/Profile.strings; sourceTree = "<group>"; };
		E942FF371E22171C0014956D /* Base */ = {isa = PBXFileReference; lastKnownFileType = text.plist.strings; name = Base; path = Base.lproj/EditImage.strings; sourceTree = "<group>"; };
		E942FF391E22171E0014956D /* ja */ = {isa = PBXFileReference; lastKnownFileType = text.plist.strings; name = ja; path = ja.lproj/EditImage.strings; sourceTree = "<group>"; };
		E942FF3D1E2218BB0014956D /* Base */ = {isa = PBXFileReference; lastKnownFileType = text.plist.strings; name = Base; path = Base.lproj/Minute.strings; sourceTree = "<group>"; };
		E942FF3F1E2218BC0014956D /* ja */ = {isa = PBXFileReference; lastKnownFileType = text.plist.strings; name = ja; path = ja.lproj/Minute.strings; sourceTree = "<group>"; };
		E942FF431E2219DB0014956D /* Base */ = {isa = PBXFileReference; lastKnownFileType = text.plist.strings; name = Base; path = Base.lproj/Search.strings; sourceTree = "<group>"; };
		E942FF451E2219DD0014956D /* ja */ = {isa = PBXFileReference; lastKnownFileType = text.plist.strings; name = ja; path = ja.lproj/Search.strings; sourceTree = "<group>"; };
		E942FF491E221C970014956D /* Base */ = {isa = PBXFileReference; lastKnownFileType = text.plist.strings; name = Base; path = Base.lproj/List.strings; sourceTree = "<group>"; };
		E942FF4B1E221C990014956D /* ja */ = {isa = PBXFileReference; lastKnownFileType = text.plist.strings; name = ja; path = ja.lproj/List.strings; sourceTree = "<group>"; };
		E942FF4F1E221DBF0014956D /* Base */ = {isa = PBXFileReference; lastKnownFileType = text.plist.strings; name = Base; path = Base.lproj/StackList.strings; sourceTree = "<group>"; };
		E942FF511E221DC10014956D /* ja */ = {isa = PBXFileReference; lastKnownFileType = text.plist.strings; name = ja; path = ja.lproj/StackList.strings; sourceTree = "<group>"; };
		E942FF551E221E9A0014956D /* Base */ = {isa = PBXFileReference; lastKnownFileType = text.plist.strings; name = Base; path = Base.lproj/Login.strings; sourceTree = "<group>"; };
		E942FF571E221E9C0014956D /* ja */ = {isa = PBXFileReference; lastKnownFileType = text.plist.strings; name = ja; path = ja.lproj/Login.strings; sourceTree = "<group>"; };
		E942FF5B1E221FD00014956D /* Base */ = {isa = PBXFileReference; lastKnownFileType = text.plist.strings; name = Base; path = Base.lproj/WebView.strings; sourceTree = "<group>"; };
		E942FF5D1E221FD10014956D /* ja */ = {isa = PBXFileReference; lastKnownFileType = text.plist.strings; name = ja; path = ja.lproj/WebView.strings; sourceTree = "<group>"; };
		E942FF611E2222FC0014956D /* Base */ = {isa = PBXFileReference; lastKnownFileType = text.plist.strings; name = Base; path = Base.lproj/API.strings; sourceTree = "<group>"; };
		E942FF631E2222FD0014956D /* ja */ = {isa = PBXFileReference; lastKnownFileType = text.plist.strings; name = ja; path = ja.lproj/API.strings; sourceTree = "<group>"; };
		E942FF671E22280E0014956D /* Base */ = {isa = PBXFileReference; lastKnownFileType = text.plist.strings; name = Base; path = Base.lproj/AppDelegate.strings; sourceTree = "<group>"; };
		E942FF691E2228100014956D /* ja */ = {isa = PBXFileReference; lastKnownFileType = text.plist.strings; name = ja; path = ja.lproj/AppDelegate.strings; sourceTree = "<group>"; };
		E942FF6D1E2282EE0014956D /* Base */ = {isa = PBXFileReference; lastKnownFileType = text.plist.strings; name = Base; path = Base.lproj/StreamList.strings; sourceTree = "<group>"; };
		E942FF6F1E2282EF0014956D /* ja */ = {isa = PBXFileReference; lastKnownFileType = text.plist.strings; name = ja; path = ja.lproj/StreamList.strings; sourceTree = "<group>"; };
		E94ABBF61B74F1AF00EEB5DF /* MessageModel.swift */ = {isa = PBXFileReference; fileEncoding = 4; lastKnownFileType = sourcecode.swift; path = MessageModel.swift; sourceTree = "<group>"; };
		E9514A761A9AF39700BC4811 /* BigInteger.swift */ = {isa = PBXFileReference; fileEncoding = 4; lastKnownFileType = sourcecode.swift; path = BigInteger.swift; sourceTree = "<group>"; };
		E95D32101B87818000F969F9 /* TagsList.swift */ = {isa = PBXFileReference; fileEncoding = 4; lastKnownFileType = sourcecode.swift; path = TagsList.swift; sourceTree = "<group>"; };
		E95D32131B8850C600F969F9 /* NewTweetModel.swift */ = {isa = PBXFileReference; fileEncoding = 4; lastKnownFileType = sourcecode.swift; path = NewTweetModel.swift; sourceTree = "<group>"; };
		E967C84F1BAD9F5500DEC52F /* NewTweetModelTests.swift */ = {isa = PBXFileReference; fileEncoding = 4; lastKnownFileType = sourcecode.swift; path = NewTweetModelTests.swift; sourceTree = "<group>"; };
		E967C8511BADA53200DEC52F /* TagsListTests.swift */ = {isa = PBXFileReference; fileEncoding = 4; lastKnownFileType = sourcecode.swift; path = TagsListTests.swift; sourceTree = "<group>"; };
		E967C8531BADBCE900DEC52F /* FriendsListTests.swift */ = {isa = PBXFileReference; fileEncoding = 4; lastKnownFileType = sourcecode.swift; path = FriendsListTests.swift; sourceTree = "<group>"; };
		E967C8811BAF07E400DEC52F /* MinuteModelTests.swift */ = {isa = PBXFileReference; fileEncoding = 4; lastKnownFileType = sourcecode.swift; path = MinuteModelTests.swift; sourceTree = "<group>"; };
		E96F678C199645E4004038DF /* NewTweetViewController.swift */ = {isa = PBXFileReference; fileEncoding = 4; lastKnownFileType = sourcecode.swift; path = NewTweetViewController.swift; sourceTree = "<group>"; };
		E975227E1B65292E00AEB430 /* StreamList.swift */ = {isa = PBXFileReference; fileEncoding = 4; lastKnownFileType = sourcecode.swift; path = StreamList.swift; sourceTree = "<group>"; };
		E97522821B667EC600AEB430 /* MinuteModel.swift */ = {isa = PBXFileReference; fileEncoding = 4; lastKnownFileType = sourcecode.swift; path = MinuteModel.swift; sourceTree = "<group>"; };
		E97594291A4127F800BFD41F /* libcommonCrypto.dylib */ = {isa = PBXFileReference; lastKnownFileType = "compiled.mach-o.dylib"; name = libcommonCrypto.dylib; path = usr/lib/system/libcommonCrypto.dylib; sourceTree = SDKROOT; };
		E9770D5A1A31CBB300E7153C /* SwipeViewController.swift */ = {isa = PBXFileReference; fileEncoding = 4; lastKnownFileType = sourcecode.swift; path = SwipeViewController.swift; sourceTree = "<group>"; };
		E977A7F919B4C8C500892005 /* TweetDetailViewController.swift */ = {isa = PBXFileReference; fileEncoding = 4; lastKnownFileType = sourcecode.swift; path = TweetDetailViewController.swift; sourceTree = "<group>"; };
		E9797B19199526EF000FC13C /* Accounts.framework */ = {isa = PBXFileReference; lastKnownFileType = wrapper.framework; name = Accounts.framework; path = System/Library/Frameworks/Accounts.framework; sourceTree = SDKROOT; };
		E9797B1B199526F6000FC13C /* Social.framework */ = {isa = PBXFileReference; lastKnownFileType = wrapper.framework; name = Social.framework; path = System/Library/Frameworks/Social.framework; sourceTree = SDKROOT; };
		E9797B1F1995325E000FC13C /* TimelineViewCell.swift */ = {isa = PBXFileReference; fileEncoding = 4; lastKnownFileType = sourcecode.swift; path = TimelineViewCell.swift; sourceTree = "<group>"; };
		E97EA3171AACB09800C0E0E3 /* EditImageViewController.swift */ = {isa = PBXFileReference; fileEncoding = 4; lastKnownFileType = sourcecode.swift; path = EditImageViewController.swift; sourceTree = "<group>"; };
		E9830C03199A89A2005BBF42 /* Whalebird-Bridging-Header.h */ = {isa = PBXFileReference; lastKnownFileType = sourcecode.c.h; path = "Whalebird-Bridging-Header.h"; sourceTree = "<group>"; };
		E9869EE719AE370F009DD99D /* QuartzCore.framework */ = {isa = PBXFileReference; lastKnownFileType = wrapper.framework; name = QuartzCore.framework; path = System/Library/Frameworks/QuartzCore.framework; sourceTree = SDKROOT; };
		E988D0181B72283B003BAD31 /* TweetModel.swift */ = {isa = PBXFileReference; fileEncoding = 4; lastKnownFileType = sourcecode.swift; path = TweetModel.swift; sourceTree = "<group>"; };
		E98A57991BAFAFFC00447960 /* StreamListTests.swift */ = {isa = PBXFileReference; fileEncoding = 4; lastKnownFileType = sourcecode.swift; path = StreamListTests.swift; sourceTree = "<group>"; };
		E98A579B1BAFB69A00447960 /* TimelineModelTests.swift */ = {isa = PBXFileReference; fileEncoding = 4; lastKnownFileType = sourcecode.swift; path = TimelineModelTests.swift; sourceTree = "<group>"; };
		E98A579D1BB048CC00447960 /* TweetModelTests.swift */ = {isa = PBXFileReference; fileEncoding = 4; lastKnownFileType = sourcecode.swift; path = TweetModelTests.swift; sourceTree = "<group>"; };
		E98A579F1BB05D5E00447960 /* MessageModelTests.swift */ = {isa = PBXFileReference; fileEncoding = 4; lastKnownFileType = sourcecode.swift; path = MessageModelTests.swift; sourceTree = "<group>"; };
		E98A57A11BB05EB900447960 /* NotificationUnread.swift */ = {isa = PBXFileReference; fileEncoding = 4; lastKnownFileType = sourcecode.swift; path = NotificationUnread.swift; sourceTree = "<group>"; };
		E993FE791DCB9B9C00961746 /* Pods-Whalebird.adhoc.xcconfig */ = {isa = PBXFileReference; fileEncoding = 4; lastKnownFileType = text.xcconfig; name = "Pods-Whalebird.adhoc.xcconfig"; path = "Pods/Target Support Files/Pods-Whalebird/Pods-Whalebird.adhoc.xcconfig"; sourceTree = "<group>"; };
		E993FE7B1DCB9BB900961746 /* Pods-Whalebird-WhalebirdTests.adhoc.xcconfig */ = {isa = PBXFileReference; fileEncoding = 4; lastKnownFileType = text.xcconfig; name = "Pods-Whalebird-WhalebirdTests.adhoc.xcconfig"; path = "Pods/Target Support Files/Pods-Whalebird-WhalebirdTests/Pods-Whalebird-WhalebirdTests.adhoc.xcconfig"; sourceTree = "<group>"; };
		E9A33A2D19AEAFFF0077B673 /* UserstreamAPIClient.swift */ = {isa = PBXFileReference; fileEncoding = 4; lastKnownFileType = sourcecode.swift; path = UserstreamAPIClient.swift; sourceTree = "<group>"; };
		E9A33A2F19AEC6460077B673 /* Foundation.framework */ = {isa = PBXFileReference; lastKnownFileType = wrapper.framework; name = Foundation.framework; path = System/Library/Frameworks/Foundation.framework; sourceTree = SDKROOT; };
		E9A742C51B915EAD00D6F373 /* AnimatedImageView.swift */ = {isa = PBXFileReference; fileEncoding = 4; lastKnownFileType = sourcecode.swift; path = AnimatedImageView.swift; sourceTree = "<group>"; };
		E9AB53B11B63B79400C53942 /* TimelineModel.swift */ = {isa = PBXFileReference; fileEncoding = 4; lastKnownFileType = sourcecode.swift; path = TimelineModel.swift; sourceTree = "<group>"; };
		E9B8BF811D8C4DD9004EF434 /* Whalebird.entitlements */ = {isa = PBXFileReference; lastKnownFileType = text.plist.entitlements; path = Whalebird.entitlements; sourceTree = "<group>"; };
		E9BB8C3B1A1786A300C10F32 /* ConversationTableViewController.swift */ = {isa = PBXFileReference; fileEncoding = 4; lastKnownFileType = sourcecode.swift; path = ConversationTableViewController.swift; sourceTree = "<group>"; };
		E9BC3E621A408E5700D2D6BD /* ApplicationSecrets.swift */ = {isa = PBXFileReference; fileEncoding = 4; lastKnownFileType = sourcecode.swift; path = ApplicationSecrets.swift; sourceTree = "<group>"; };
		E9BC3E641A40905E00D2D6BD /* Security.framework */ = {isa = PBXFileReference; lastKnownFileType = wrapper.framework; name = Security.framework; path = System/Library/Frameworks/Security.framework; sourceTree = SDKROOT; };
		E9C5DE0D19C6C3CD00C65CC4 /* ReplyTableViewController.swift */ = {isa = PBXFileReference; fileEncoding = 4; lastKnownFileType = sourcecode.swift; path = ReplyTableViewController.swift; sourceTree = "<group>"; };
		E9C5DE1119C73B8500C65CC4 /* StreamTableViewController.swift */ = {isa = PBXFileReference; fileEncoding = 4; lastKnownFileType = sourcecode.swift; path = StreamTableViewController.swift; sourceTree = "<group>"; };
		E9C5DE1319C73BE400C65CC4 /* ListTableViewController.swift */ = {isa = PBXFileReference; fileEncoding = 4; lastKnownFileType = sourcecode.swift; path = ListTableViewController.swift; sourceTree = "<group>"; };
		E9CD577D1D8D5AFB00487BC8 /* SearchAddListTableViewController.swift */ = {isa = PBXFileReference; fileEncoding = 4; lastKnownFileType = sourcecode.swift; path = SearchAddListTableViewController.swift; sourceTree = "<group>"; };
		E9CD81E11A32FA9E00763660 /* WebViewController.swift */ = {isa = PBXFileReference; fileEncoding = 4; lastKnownFileType = sourcecode.swift; path = WebViewController.swift; sourceTree = "<group>"; };
		E9D1427F1A382E3500EA3E67 /* SearchTableViewController.swift */ = {isa = PBXFileReference; fileEncoding = 4; lastKnownFileType = sourcecode.swift; path = SearchTableViewController.swift; sourceTree = "<group>"; };
		E9D493BE1A35BBDB00DE2051 /* Settings.bundle */ = {isa = PBXFileReference; lastKnownFileType = "wrapper.plug-in"; path = Settings.bundle; sourceTree = "<group>"; };
		E9DD20701A9C723A002C3FF1 /* ApplicationSecretsTests.swift */ = {isa = PBXFileReference; fileEncoding = 4; lastKnownFileType = sourcecode.swift; path = ApplicationSecretsTests.swift; sourceTree = "<group>"; };
		E9DD20741A9C7782002C3FF1 /* WhalebirdAPIClientTests.swift */ = {isa = PBXFileReference; fileEncoding = 4; lastKnownFileType = sourcecode.swift; path = WhalebirdAPIClientTests.swift; sourceTree = "<group>"; };
		E9DD20761A9C7FFA002C3FF1 /* UserstreamAPIClientTests.swift */ = {isa = PBXFileReference; fileEncoding = 4; lastKnownFileType = sourcecode.swift; path = UserstreamAPIClientTests.swift; sourceTree = "<group>"; };
		E9E9206A1A8CE4E5002F24D0 /* MediaViewController.swift */ = {isa = PBXFileReference; fileEncoding = 4; lastKnownFileType = sourcecode.swift; path = MediaViewController.swift; sourceTree = "<group>"; };
		E9E9206C1A8E011E002F24D0 /* MinuteTableViewController.swift */ = {isa = PBXFileReference; fileEncoding = 4; lastKnownFileType = sourcecode.swift; path = MinuteTableViewController.swift; sourceTree = "<group>"; };
		E9FD20AA19C8808D00A3184C /* StackListTableViewController.swift */ = {isa = PBXFileReference; fileEncoding = 4; lastKnownFileType = sourcecode.swift; path = StackListTableViewController.swift; sourceTree = "<group>"; };
		E9FD9AF11B8E1CFB0026890A /* MediaImageView.swift */ = {isa = PBXFileReference; fileEncoding = 4; lastKnownFileType = sourcecode.swift; path = MediaImageView.swift; sourceTree = "<group>"; };
		E9FF77071D8C3E7C00C5F279 /* UserNotifications.framework */ = {isa = PBXFileReference; lastKnownFileType = wrapper.framework; name = UserNotifications.framework; path = System/Library/Frameworks/UserNotifications.framework; sourceTree = SDKROOT; };
/* End PBXFileReference section */

/* Begin PBXFrameworksBuildPhase section */
		E9124390199524E000795EF0 /* Frameworks */ = {
			isa = PBXFrameworksBuildPhase;
			buildActionMask = 2147483647;
			files = (
				E9BC3E651A40905E00D2D6BD /* Security.framework in Frameworks */,
				E9869EE919AE3772009DD99D /* QuartzCore.framework in Frameworks */,
				E9797B1C199526F6000FC13C /* Social.framework in Frameworks */,
				E9797B1A199526EF000FC13C /* Accounts.framework in Frameworks */,
				B3FCE42658FBFA4D9965FB4A /* Pods_Whalebird.framework in Frameworks */,
			);
			runOnlyForDeploymentPostprocessing = 0;
		};
		E91243A2199524E000795EF0 /* Frameworks */ = {
			isa = PBXFrameworksBuildPhase;
			buildActionMask = 2147483647;
			files = (
				E92C49F11A9C6D03006BD492 /* QuartzCore.framework in Frameworks */,
				E92C49E41A9C6BC3006BD492 /* Accounts.framework in Frameworks */,
				E92C49E31A9C6BBB006BD492 /* Social.framework in Frameworks */,
				24AE8E33C472E371892F4C5A /* Pods_Whalebird_WhalebirdTests.framework in Frameworks */,
			);
			runOnlyForDeploymentPostprocessing = 0;
		};
/* End PBXFrameworksBuildPhase section */

/* Begin PBXGroup section */
		0249136FA29B42BCB7523044 /* Frameworks */ = {
			isa = PBXGroup;
			children = (
				E9FF77071D8C3E7C00C5F279 /* UserNotifications.framework */,
				E92C49E01A9C6BA7006BD492 /* libPods.a */,
				E92C49DD1A9C6B0E006BD492 /* libPods.a */,
				E93433161A9C66F0004ACC03 /* libPods.a */,
				E93433131A9C650D004ACC03 /* libPods.a */,
				E97594291A4127F800BFD41F /* libcommonCrypto.dylib */,
				E9BC3E641A40905E00D2D6BD /* Security.framework */,
				E9A33A2F19AEC6460077B673 /* Foundation.framework */,
				E9869EE719AE370F009DD99D /* QuartzCore.framework */,
				B1DD5D281C674F48C2498983 /* Pods.framework */,
				8B397D56A446EFB001DDDC38 /* Pods_Whalebird.framework */,
				DE95EA0A8070A01ABEBBECBE /* Pods_Whalebird_WhalebirdTests.framework */,
			);
			name = Frameworks;
			sourceTree = "<group>";
		};
		139551B5CDD3D85E95F73E64 /* Pods */ = {
			isa = PBXGroup;
			children = (
				E993FE791DCB9B9C00961746 /* Pods-Whalebird.adhoc.xcconfig */,
				0C756EA81D6D16F5124613C0 /* Pods-Whalebird.debug.xcconfig */,
				B24446D268050AF194D936BF /* Pods-Whalebird.release.xcconfig */,
				E993FE7B1DCB9BB900961746 /* Pods-Whalebird-WhalebirdTests.adhoc.xcconfig */,
				1B819DF1AB87096E57ED1DCB /* Pods-Whalebird-WhalebirdTests.debug.xcconfig */,
				0A77B9941FA64239BE3DC901 /* Pods-Whalebird-WhalebirdTests.release.xcconfig */,
			);
			name = Pods;
			sourceTree = "<group>";
		};
		E912438A199524E000795EF0 = {
			isa = PBXGroup;
			children = (
				E9797B1B199526F6000FC13C /* Social.framework */,
				E9797B19199526EF000FC13C /* Accounts.framework */,
				E9124395199524E000795EF0 /* Whalebird */,
				E91243A8199524E000795EF0 /* WhalebirdTests */,
				E9124394199524E000795EF0 /* Products */,
				0249136FA29B42BCB7523044 /* Frameworks */,
				139551B5CDD3D85E95F73E64 /* Pods */,
			);
			sourceTree = "<group>";
		};
		E9124394199524E000795EF0 /* Products */ = {
			isa = PBXGroup;
			children = (
				E9124393199524E000795EF0 /* Whalebird.app */,
				E91243A5199524E000795EF0 /* WhalebirdTests.xctest */,
			);
			name = Products;
			sourceTree = "<group>";
		};
		E9124395199524E000795EF0 /* Whalebird */ = {
			isa = PBXGroup;
			children = (
				E9B8BF811D8C4DD9004EF434 /* Whalebird.entitlements */,
				E942FF091E2145AC0014956D /* Localization */,
				E988D0141B722709003BAD31 /* Service */,
				E9AB53B61B63D3B200C53942 /* View */,
				E9AB53B51B63CFBB00C53942 /* ViewController */,
				E9AB53B41B63CF4E00C53942 /* Model */,
				E9D493BE1A35BBDB00DE2051 /* Settings.bundle */,
				E9124398199524E000795EF0 /* AppDelegate.swift */,
				E9830C03199A89A2005BBF42 /* Whalebird-Bridging-Header.h */,
				E912439F199524E000795EF0 /* Images.xcassets */,
				E9124396199524E000795EF0 /* Supporting Files */,
			);
			path = Whalebird;
			sourceTree = "<group>";
		};
		E9124396199524E000795EF0 /* Supporting Files */ = {
			isa = PBXGroup;
			children = (
				E9124397199524E000795EF0 /* Info.plist */,
			);
			name = "Supporting Files";
			sourceTree = "<group>";
		};
		E91243A8199524E000795EF0 /* WhalebirdTests */ = {
			isa = PBXGroup;
			children = (
				E91243AB199524E000795EF0 /* WhalebirdTests.swift */,
				E98A57A11BB05EB900447960 /* NotificationUnread.swift */,
				E98A579D1BB048CC00447960 /* TweetModelTests.swift */,
				E98A579F1BB05D5E00447960 /* MessageModelTests.swift */,
				E98A579B1BAFB69A00447960 /* TimelineModelTests.swift */,
				E967C8531BADBCE900DEC52F /* FriendsListTests.swift */,
				E967C8511BADA53200DEC52F /* TagsListTests.swift */,
				E9DD20761A9C7FFA002C3FF1 /* UserstreamAPIClientTests.swift */,
				E967C84F1BAD9F5500DEC52F /* NewTweetModelTests.swift */,
				E9DD20741A9C7782002C3FF1 /* WhalebirdAPIClientTests.swift */,
				E9DD20701A9C723A002C3FF1 /* ApplicationSecretsTests.swift */,
				E934330E1A9C5ED6004ACC03 /* BigIntegerTests.swift */,
				E967C8811BAF07E400DEC52F /* MinuteModelTests.swift */,
				E98A57991BAFAFFC00447960 /* StreamListTests.swift */,
				E91243A9199524E000795EF0 /* Supporting Files */,
			);
			path = WhalebirdTests;
			sourceTree = "<group>";
		};
		E91243A9199524E000795EF0 /* Supporting Files */ = {
			isa = PBXGroup;
			children = (
				E91243AA199524E000795EF0 /* Info.plist */,
			);
			name = "Supporting Files";
			sourceTree = "<group>";
		};
		E942FF091E2145AC0014956D /* Localization */ = {
			isa = PBXGroup;
			children = (
				E942FEEF1E1FDF9B0014956D /* Localizable.strings */,
				E942FF681E22280E0014956D /* AppDelegate.strings */,
				E942FF621E2222FC0014956D /* API.strings */,
				E942FEF51E1FEDFB0014956D /* Settings.strings */,
				E942FEFB1E20AC430014956D /* Timeline.strings */,
				E942FF011E210BA40014956D /* NewTweet.strings */,
				E942FF071E2137050014956D /* TweetDetail.strings */,
				E942FF141E21461F0014956D /* Conversation.strings */,
				E942FF1A1E2153CF0014956D /* Reply.strings */,
				E942FF201E2154FC0014956D /* DirectMessage.strings */,
				E942FF261E2156060014956D /* NewDirectMessage.strings */,
				E942FF2C1E2157D30014956D /* MessageDetail.strings */,
				E942FF321E2159630014956D /* Profile.strings */,
				E942FF381E22171C0014956D /* EditImage.strings */,
				E942FF3E1E2218BB0014956D /* Minute.strings */,
				E942FF441E2219DB0014956D /* Search.strings */,
				E942FF4A1E221C970014956D /* List.strings */,
				E942FF501E221DBF0014956D /* StackList.strings */,
				E942FF561E221E9A0014956D /* Login.strings */,
				E942FF5C1E221FD00014956D /* WebView.strings */,
				E942FF6E1E2282EE0014956D /* StreamList.strings */,
			);
			name = Localization;
			sourceTree = "<group>";
		};
		E97522811B667E7C00AEB430 /* API */ = {
			isa = PBXGroup;
			children = (
				E91CC5F11A01CC0300FE5BDF /* WhalebirdAPIClient.swift */,
				E9A33A2D19AEAFFF0077B673 /* UserstreamAPIClient.swift */,
			);
			name = API;
			sourceTree = "<group>";
		};
		E988D0141B722709003BAD31 /* Service */ = {
			isa = PBXGroup;
			children = (
				E97522811B667E7C00AEB430 /* API */,
				E9BC3E621A408E5700D2D6BD /* ApplicationSecrets.swift */,
				E9514A761A9AF39700BC4811 /* BigInteger.swift */,
			);
			name = Service;
			sourceTree = "<group>";
		};
		E9AB53B41B63CF4E00C53942 /* Model */ = {
			isa = PBXGroup;
			children = (
				E9073A9D1B35B0E40049FCC2 /* NotificationUnread.swift */,
				E95D32131B8850C600F969F9 /* NewTweetModel.swift */,
				E97522821B667EC600AEB430 /* MinuteModel.swift */,
				E975227E1B65292E00AEB430 /* StreamList.swift */,
				E916DF571B386BD00028CCC3 /* FriendsList.swift */,
				E95D32101B87818000F969F9 /* TagsList.swift */,
				E9AB53B11B63B79400C53942 /* TimelineModel.swift */,
				E988D0181B72283B003BAD31 /* TweetModel.swift */,
				E94ABBF61B74F1AF00EEB5DF /* MessageModel.swift */,
			);
			name = Model;
			sourceTree = "<group>";
		};
		E9AB53B51B63CFBB00C53942 /* ViewController */ = {
			isa = PBXGroup;
			children = (
				E9221CF719FBBD35002FF3E0 /* SettingsTableViewController.swift */,
				E977A7F919B4C8C500892005 /* TweetDetailViewController.swift */,
				E9E9206A1A8CE4E5002F24D0 /* MediaViewController.swift */,
				E9BB8C3B1A1786A300C10F32 /* ConversationTableViewController.swift */,
				E9C5DE0D19C6C3CD00C65CC4 /* ReplyTableViewController.swift */,
				E91B20351A11094B008BF1ED /* DirectMessageTableViewController.swift */,
				E91B203D1A13AABA008BF1ED /* NewDirectMessageViewController.swift */,
				E91B203B1A126A06008BF1ED /* MessageDetailViewController.swift */,
				E92D4C75199CF2B80017B751 /* ProfileViewController.swift */,
				E96F678C199645E4004038DF /* NewTweetViewController.swift */,
				E97EA3171AACB09800C0E0E3 /* EditImageViewController.swift */,
				E9E9206C1A8E011E002F24D0 /* MinuteTableViewController.swift */,
				E9D1427F1A382E3500EA3E67 /* SearchTableViewController.swift */,
				E9C5DE1119C73B8500C65CC4 /* StreamTableViewController.swift */,
				E9770D5A1A31CBB300E7153C /* SwipeViewController.swift */,
				E9C5DE1319C73BE400C65CC4 /* ListTableViewController.swift */,
				E9FD20AA19C8808D00A3184C /* StackListTableViewController.swift */,
				E91243B5199525C200795EF0 /* TimelineTableViewController.swift */,
				E91CC5F31A027D3100FE5BDF /* LoginViewController.swift */,
				E9CD81E11A32FA9E00763660 /* WebViewController.swift */,
				E9CD577D1D8D5AFB00487BC8 /* SearchAddListTableViewController.swift */,
			);
			name = ViewController;
			sourceTree = "<group>";
		};
		E9AB53B61B63D3B200C53942 /* View */ = {
			isa = PBXGroup;
			children = (
				E9797B1F1995325E000FC13C /* TimelineViewCell.swift */,
				E9A742C51B915EAD00D6F373 /* AnimatedImageView.swift */,
				E9FD9AF11B8E1CFB0026890A /* MediaImageView.swift */,
			);
			name = View;
			sourceTree = "<group>";
		};
/* End PBXGroup section */

/* Begin PBXNativeTarget section */
		E9124392199524E000795EF0 /* Whalebird */ = {
			isa = PBXNativeTarget;
			buildConfigurationList = E91243AF199524E000795EF0 /* Build configuration list for PBXNativeTarget "Whalebird" */;
			buildPhases = (
				6DBED313333D4B8A83058C37 /* [CP] Check Pods Manifest.lock */,
				E912438F199524E000795EF0 /* Sources */,
				E9124390199524E000795EF0 /* Frameworks */,
				E9124391199524E000795EF0 /* Resources */,
				A6021E5DC8EF4DCABD838547 /* [CP] Copy Pods Resources */,
				E9A480C41A7F56F80069B7C6 /* ShellScript */,
				C8ACE94C9C5D896B3B625F4F /* [CP] Embed Pods Frameworks */,
			);
			buildRules = (
			);
			dependencies = (
			);
			name = Whalebird;
			productName = Whalebird;
			productReference = E9124393199524E000795EF0 /* Whalebird.app */;
			productType = "com.apple.product-type.application";
		};
		E91243A4199524E000795EF0 /* WhalebirdTests */ = {
			isa = PBXNativeTarget;
			buildConfigurationList = E91243B2199524E000795EF0 /* Build configuration list for PBXNativeTarget "WhalebirdTests" */;
			buildPhases = (
				1B1F7298998B4BFAAC711554 /* [CP] Check Pods Manifest.lock */,
				E91243A1199524E000795EF0 /* Sources */,
				E91243A2199524E000795EF0 /* Frameworks */,
				E91243A3199524E000795EF0 /* Resources */,
				0FD59B55AF2EE3AC3D255E18 /* [CP] Embed Pods Frameworks */,
				C38C5D271372468349D38F21 /* [CP] Copy Pods Resources */,
			);
			buildRules = (
			);
			dependencies = (
				E91243A7199524E000795EF0 /* PBXTargetDependency */,
			);
			name = WhalebirdTests;
			productName = WhalebirdTests;
			productReference = E91243A5199524E000795EF0 /* WhalebirdTests.xctest */;
			productType = "com.apple.product-type.bundle.unit-test";
		};
/* End PBXNativeTarget section */

/* Begin PBXProject section */
		E912438B199524E000795EF0 /* Project object */ = {
			isa = PBXProject;
			attributes = {
				LastSwiftMigration = 0700;
				LastSwiftUpdateCheck = 0700;
				LastUpgradeCheck = 0900;
				ORGANIZATIONNAME = AkiraFukushima;
				TargetAttributes = {
					E9124392199524E000795EF0 = {
						CreatedOnToolsVersion = 6.0;
						DevelopmentTeam = HB4N6B2YVM;
						LastSwiftMigration = 0900;
						SystemCapabilities = {
							com.apple.BackgroundModes = {
								enabled = 0;
							};
							com.apple.Push = {
								enabled = 1;
							};
						};
					};
					E91243A4199524E000795EF0 = {
						CreatedOnToolsVersion = 6.0;
						DevelopmentTeam = HB4N6B2YVM;
						LastSwiftMigration = 0900;
						TestTargetID = E9124392199524E000795EF0;
					};
				};
			};
			buildConfigurationList = E912438E199524E000795EF0 /* Build configuration list for PBXProject "Whalebird" */;
			compatibilityVersion = "Xcode 3.2";
			developmentRegion = English;
			hasScannedForEncodings = 0;
			knownRegions = (
				en,
				Base,
				ja,
			);
			mainGroup = E912438A199524E000795EF0;
			productRefGroup = E9124394199524E000795EF0 /* Products */;
			projectDirPath = "";
			projectRoot = "";
			targets = (
				E9124392199524E000795EF0 /* Whalebird */,
				E91243A4199524E000795EF0 /* WhalebirdTests */,
			);
		};
/* End PBXProject section */

/* Begin PBXResourcesBuildPhase section */
		E9124391199524E000795EF0 /* Resources */ = {
			isa = PBXResourcesBuildPhase;
			buildActionMask = 2147483647;
			files = (
				E942FF361E22171C0014956D /* EditImage.strings in Resources */,
				E91243A0199524E000795EF0 /* Images.xcassets in Resources */,
				E942FEF31E1FEDFB0014956D /* Settings.strings in Resources */,
				E942FEED1E1FDF9B0014956D /* Localizable.strings in Resources */,
				E942FF5A1E221FD00014956D /* WebView.strings in Resources */,
				E942FF3C1E2218BB0014956D /* Minute.strings in Resources */,
				E942FF6C1E2282EE0014956D /* StreamList.strings in Resources */,
				E942FEF91E20AC430014956D /* Timeline.strings in Resources */,
				E9D493BF1A35BBDB00DE2051 /* Settings.bundle in Resources */,
				E942FF2A1E2157D30014956D /* MessageDetail.strings in Resources */,
				E942FF241E2156060014956D /* NewDirectMessage.strings in Resources */,
				E942FF601E2222FC0014956D /* API.strings in Resources */,
				E942FEFF1E210BA40014956D /* NewTweet.strings in Resources */,
				E942FF051E2137050014956D /* TweetDetail.strings in Resources */,
				E942FF541E221E9A0014956D /* Login.strings in Resources */,
				E942FF301E2159630014956D /* Profile.strings in Resources */,
				E942FF421E2219DB0014956D /* Search.strings in Resources */,
				E942FF1E1E2154FC0014956D /* DirectMessage.strings in Resources */,
				E942FF481E221C970014956D /* List.strings in Resources */,
				E942FF181E2153CF0014956D /* Reply.strings in Resources */,
				E942FF661E22280E0014956D /* AppDelegate.strings in Resources */,
				E942FF121E21461F0014956D /* Conversation.strings in Resources */,
				E942FF4E1E221DBF0014956D /* StackList.strings in Resources */,
			);
			runOnlyForDeploymentPostprocessing = 0;
		};
		E91243A3199524E000795EF0 /* Resources */ = {
			isa = PBXResourcesBuildPhase;
			buildActionMask = 2147483647;
			files = (
			);
			runOnlyForDeploymentPostprocessing = 0;
		};
/* End PBXResourcesBuildPhase section */

/* Begin PBXShellScriptBuildPhase section */
		0FD59B55AF2EE3AC3D255E18 /* [CP] Embed Pods Frameworks */ = {
			isa = PBXShellScriptBuildPhase;
			buildActionMask = 2147483647;
			files = (
			);
			inputPaths = (
			);
			name = "[CP] Embed Pods Frameworks";
			outputPaths = (
			);
			runOnlyForDeploymentPostprocessing = 0;
			shellPath = /bin/sh;
			shellScript = "\"${SRCROOT}/Pods/Target Support Files/Pods-Whalebird-WhalebirdTests/Pods-Whalebird-WhalebirdTests-frameworks.sh\"\n";
			showEnvVarsInLog = 0;
		};
		1B1F7298998B4BFAAC711554 /* [CP] Check Pods Manifest.lock */ = {
			isa = PBXShellScriptBuildPhase;
			buildActionMask = 2147483647;
			files = (
			);
			inputPaths = (
			);
			name = "[CP] Check Pods Manifest.lock";
			outputPaths = (
			);
			runOnlyForDeploymentPostprocessing = 0;
			shellPath = /bin/sh;
			shellScript = "diff \"${PODS_ROOT}/../Podfile.lock\" \"${PODS_ROOT}/Manifest.lock\" > /dev/null\nif [ $? != 0 ] ; then\n    # print error to STDERR\n    echo \"error: The sandbox is not in sync with the Podfile.lock. Run 'pod install' or update your CocoaPods installation.\" >&2\n    exit 1\nfi\n";
			showEnvVarsInLog = 0;
		};
		6DBED313333D4B8A83058C37 /* [CP] Check Pods Manifest.lock */ = {
			isa = PBXShellScriptBuildPhase;
			buildActionMask = 2147483647;
			files = (
			);
			inputPaths = (
			);
			name = "[CP] Check Pods Manifest.lock";
			outputPaths = (
			);
			runOnlyForDeploymentPostprocessing = 0;
			shellPath = /bin/sh;
			shellScript = "diff \"${PODS_ROOT}/../Podfile.lock\" \"${PODS_ROOT}/Manifest.lock\" > /dev/null\nif [ $? != 0 ] ; then\n    # print error to STDERR\n    echo \"error: The sandbox is not in sync with the Podfile.lock. Run 'pod install' or update your CocoaPods installation.\" >&2\n    exit 1\nfi\n";
			showEnvVarsInLog = 0;
		};
		A6021E5DC8EF4DCABD838547 /* [CP] Copy Pods Resources */ = {
			isa = PBXShellScriptBuildPhase;
			buildActionMask = 2147483647;
			files = (
			);
			inputPaths = (
			);
			name = "[CP] Copy Pods Resources";
			outputPaths = (
			);
			runOnlyForDeploymentPostprocessing = 0;
			shellPath = /bin/sh;
			shellScript = "\"${SRCROOT}/Pods/Target Support Files/Pods-Whalebird/Pods-Whalebird-resources.sh\"\n";
			showEnvVarsInLog = 0;
		};
		C38C5D271372468349D38F21 /* [CP] Copy Pods Resources */ = {
			isa = PBXShellScriptBuildPhase;
			buildActionMask = 2147483647;
			files = (
			);
			inputPaths = (
			);
			name = "[CP] Copy Pods Resources";
			outputPaths = (
			);
			runOnlyForDeploymentPostprocessing = 0;
			shellPath = /bin/sh;
			shellScript = "\"${SRCROOT}/Pods/Target Support Files/Pods-Whalebird-WhalebirdTests/Pods-Whalebird-WhalebirdTests-resources.sh\"\n";
			showEnvVarsInLog = 0;
		};
		C8ACE94C9C5D896B3B625F4F /* [CP] Embed Pods Frameworks */ = {
			isa = PBXShellScriptBuildPhase;
			buildActionMask = 2147483647;
			files = (
			);
			inputPaths = (
			);
			name = "[CP] Embed Pods Frameworks";
			outputPaths = (
			);
			runOnlyForDeploymentPostprocessing = 0;
			shellPath = /bin/sh;
			shellScript = "\"${SRCROOT}/Pods/Target Support Files/Pods-Whalebird/Pods-Whalebird-frameworks.sh\"\n";
			showEnvVarsInLog = 0;
		};
		E9A480C41A7F56F80069B7C6 /* ShellScript */ = {
			isa = PBXShellScriptBuildPhase;
			buildActionMask = 2147483647;
			files = (
			);
			inputPaths = (
			);
			outputPaths = (
			);
			runOnlyForDeploymentPostprocessing = 0;
			shellPath = /bin/sh;
			shellScript = "if which swiftlint >/dev/null; then\nswiftlint\nelse\necho \"warning: SwiftLint not installed, download from https://github.com/realm/SwiftLint\"\nfi\n\"${PODS_ROOT}/Fabric/run\" efc65c559a127a0777cad18d56b945cb0fa4065b 677a17d4b1a55c6e8d08638341f4f3c4548d9029aa621ca3c235c2590a852314";
		};
/* End PBXShellScriptBuildPhase section */

/* Begin PBXSourcesBuildPhase section */
		E912438F199524E000795EF0 /* Sources */ = {
			isa = PBXSourcesBuildPhase;
			buildActionMask = 2147483647;
			files = (
				E91243B6199525C200795EF0 /* TimelineTableViewController.swift in Sources */,
				E9073A9E1B35B0E40049FCC2 /* NotificationUnread.swift in Sources */,
				E9E9206D1A8E011E002F24D0 /* MinuteTableViewController.swift in Sources */,
				E9C5DE1219C73B8500C65CC4 /* StreamTableViewController.swift in Sources */,
				E91B203C1A126A06008BF1ED /* MessageDetailViewController.swift in Sources */,
				E9CD81E21A32FA9E00763660 /* WebViewController.swift in Sources */,
				E9BC3E631A408E5700D2D6BD /* ApplicationSecrets.swift in Sources */,
				E9CD577E1D8D5AFB00487BC8 /* SearchAddListTableViewController.swift in Sources */,
				E9124399199524E000795EF0 /* AppDelegate.swift in Sources */,
				E9514A771A9AF39700BC4811 /* BigInteger.swift in Sources */,
				E91CC5F41A027D3100FE5BDF /* LoginViewController.swift in Sources */,
				E9C5DE1419C73BE400C65CC4 /* ListTableViewController.swift in Sources */,
				E988D0191B72283B003BAD31 /* TweetModel.swift in Sources */,
				E9C5DE0E19C6C3CD00C65CC4 /* ReplyTableViewController.swift in Sources */,
				E97EA3181AACB09800C0E0E3 /* EditImageViewController.swift in Sources */,
				E9797B201995325E000FC13C /* TimelineViewCell.swift in Sources */,
				E9BB8C3C1A1786A300C10F32 /* ConversationTableViewController.swift in Sources */,
				E97522831B667EC600AEB430 /* MinuteModel.swift in Sources */,
				E9D142801A382E3500EA3E67 /* SearchTableViewController.swift in Sources */,
				E91CC5F21A01CC0300FE5BDF /* WhalebirdAPIClient.swift in Sources */,
				E95D32141B8850C600F969F9 /* NewTweetModel.swift in Sources */,
				E94ABBF71B74F1AF00EEB5DF /* MessageModel.swift in Sources */,
				E9FD9AF21B8E1CFB0026890A /* MediaImageView.swift in Sources */,
				E91B20361A11094B008BF1ED /* DirectMessageTableViewController.swift in Sources */,
				E9A742C61B915EAD00D6F373 /* AnimatedImageView.swift in Sources */,
				E9221CF819FBBD35002FF3E0 /* SettingsTableViewController.swift in Sources */,
				E9AB53B21B63B79400C53942 /* TimelineModel.swift in Sources */,
				E9770D5B1A31CBB300E7153C /* SwipeViewController.swift in Sources */,
				E96F678D199645E4004038DF /* NewTweetViewController.swift in Sources */,
				E92D4C76199CF2B80017B751 /* ProfileViewController.swift in Sources */,
				E916DF581B386BD00028CCC3 /* FriendsList.swift in Sources */,
				E9E9206B1A8CE4E5002F24D0 /* MediaViewController.swift in Sources */,
				E95D32111B87818000F969F9 /* TagsList.swift in Sources */,
				E975227F1B65292E00AEB430 /* StreamList.swift in Sources */,
				E9A33A2E19AEAFFF0077B673 /* UserstreamAPIClient.swift in Sources */,
				E977A7FA19B4C8C500892005 /* TweetDetailViewController.swift in Sources */,
				E91B203E1A13AABA008BF1ED /* NewDirectMessageViewController.swift in Sources */,
				E9FD20AB19C8808D00A3184C /* StackListTableViewController.swift in Sources */,
			);
			runOnlyForDeploymentPostprocessing = 0;
		};
		E91243A1199524E000795EF0 /* Sources */ = {
			isa = PBXSourcesBuildPhase;
			buildActionMask = 2147483647;
			files = (
				E967C8501BAD9F5500DEC52F /* NewTweetModelTests.swift in Sources */,
				E98A57A21BB05EB900447960 /* NotificationUnread.swift in Sources */,
				E98A57A01BB05D5E00447960 /* MessageModelTests.swift in Sources */,
				E98A579A1BAFAFFC00447960 /* StreamListTests.swift in Sources */,
				E91243AC199524E000795EF0 /* WhalebirdTests.swift in Sources */,
				E967C8521BADA53200DEC52F /* TagsListTests.swift in Sources */,
				E967C8541BADBCE900DEC52F /* FriendsListTests.swift in Sources */,
				E98A579C1BAFB69A00447960 /* TimelineModelTests.swift in Sources */,
				E934330F1A9C5ED6004ACC03 /* BigIntegerTests.swift in Sources */,
				E9DD20711A9C723A002C3FF1 /* ApplicationSecretsTests.swift in Sources */,
				E9DD20751A9C7782002C3FF1 /* WhalebirdAPIClientTests.swift in Sources */,
				E98A579E1BB048CC00447960 /* TweetModelTests.swift in Sources */,
				E967C8821BAF07E400DEC52F /* MinuteModelTests.swift in Sources */,
				E9DD20771A9C7FFA002C3FF1 /* UserstreamAPIClientTests.swift in Sources */,
			);
			runOnlyForDeploymentPostprocessing = 0;
		};
/* End PBXSourcesBuildPhase section */

/* Begin PBXTargetDependency section */
		E91243A7199524E000795EF0 /* PBXTargetDependency */ = {
			isa = PBXTargetDependency;
			target = E9124392199524E000795EF0 /* Whalebird */;
			targetProxy = E91243A6199524E000795EF0 /* PBXContainerItemProxy */;
		};
/* End PBXTargetDependency section */

/* Begin PBXVariantGroup section */
		E942FEEF1E1FDF9B0014956D /* Localizable.strings */ = {
			isa = PBXVariantGroup;
			children = (
				E942FEEE1E1FDF9B0014956D /* Base */,
				E942FEF01E1FDFD50014956D /* ja */,
			);
			name = Localizable.strings;
			sourceTree = "<group>";
		};
		E942FEF51E1FEDFB0014956D /* Settings.strings */ = {
			isa = PBXVariantGroup;
			children = (
				E942FEF41E1FEDFB0014956D /* Base */,
				E942FEF61E1FEE0D0014956D /* ja */,
			);
			name = Settings.strings;
			sourceTree = "<group>";
		};
		E942FEFB1E20AC430014956D /* Timeline.strings */ = {
			isa = PBXVariantGroup;
			children = (
				E942FEFA1E20AC430014956D /* Base */,
				E942FEFC1E20AC440014956D /* ja */,
			);
			name = Timeline.strings;
			sourceTree = "<group>";
		};
		E942FF011E210BA40014956D /* NewTweet.strings */ = {
			isa = PBXVariantGroup;
			children = (
				E942FF001E210BA40014956D /* Base */,
				E942FF021E210BA60014956D /* ja */,
			);
			name = NewTweet.strings;
			sourceTree = "<group>";
		};
		E942FF071E2137050014956D /* TweetDetail.strings */ = {
			isa = PBXVariantGroup;
			children = (
				E942FF061E2137050014956D /* Base */,
				E942FF081E21370C0014956D /* ja */,
			);
			name = TweetDetail.strings;
			sourceTree = "<group>";
		};
		E942FF141E21461F0014956D /* Conversation.strings */ = {
			isa = PBXVariantGroup;
			children = (
				E942FF131E21461F0014956D /* Base */,
				E942FF151E2146210014956D /* ja */,
			);
			name = Conversation.strings;
			sourceTree = "<group>";
		};
		E942FF1A1E2153CF0014956D /* Reply.strings */ = {
			isa = PBXVariantGroup;
			children = (
				E942FF191E2153CF0014956D /* Base */,
				E942FF1B1E2153D30014956D /* ja */,
			);
			name = Reply.strings;
			sourceTree = "<group>";
		};
		E942FF201E2154FC0014956D /* DirectMessage.strings */ = {
			isa = PBXVariantGroup;
			children = (
				E942FF1F1E2154FC0014956D /* Base */,
				E942FF211E2154FD0014956D /* ja */,
			);
			name = DirectMessage.strings;
			sourceTree = "<group>";
		};
		E942FF261E2156060014956D /* NewDirectMessage.strings */ = {
			isa = PBXVariantGroup;
			children = (
				E942FF251E2156060014956D /* Base */,
				E942FF271E2156070014956D /* ja */,
			);
			name = NewDirectMessage.strings;
			sourceTree = "<group>";
		};
		E942FF2C1E2157D30014956D /* MessageDetail.strings */ = {
			isa = PBXVariantGroup;
			children = (
				E942FF2B1E2157D30014956D /* Base */,
				E942FF2D1E2157E50014956D /* ja */,
			);
			name = MessageDetail.strings;
			sourceTree = "<group>";
		};
		E942FF321E2159630014956D /* Profile.strings */ = {
			isa = PBXVariantGroup;
			children = (
				E942FF311E2159630014956D /* Base */,
				E942FF331E2159650014956D /* ja */,
			);
			name = Profile.strings;
			sourceTree = "<group>";
		};
		E942FF381E22171C0014956D /* EditImage.strings */ = {
			isa = PBXVariantGroup;
			children = (
				E942FF371E22171C0014956D /* Base */,
				E942FF391E22171E0014956D /* ja */,
			);
			name = EditImage.strings;
			sourceTree = "<group>";
		};
		E942FF3E1E2218BB0014956D /* Minute.strings */ = {
			isa = PBXVariantGroup;
			children = (
				E942FF3D1E2218BB0014956D /* Base */,
				E942FF3F1E2218BC0014956D /* ja */,
			);
			name = Minute.strings;
			sourceTree = "<group>";
		};
		E942FF441E2219DB0014956D /* Search.strings */ = {
			isa = PBXVariantGroup;
			children = (
				E942FF431E2219DB0014956D /* Base */,
				E942FF451E2219DD0014956D /* ja */,
			);
			name = Search.strings;
			sourceTree = "<group>";
		};
		E942FF4A1E221C970014956D /* List.strings */ = {
			isa = PBXVariantGroup;
			children = (
				E942FF491E221C970014956D /* Base */,
				E942FF4B1E221C990014956D /* ja */,
			);
			name = List.strings;
			sourceTree = "<group>";
		};
		E942FF501E221DBF0014956D /* StackList.strings */ = {
			isa = PBXVariantGroup;
			children = (
				E942FF4F1E221DBF0014956D /* Base */,
				E942FF511E221DC10014956D /* ja */,
			);
			name = StackList.strings;
			sourceTree = "<group>";
		};
		E942FF561E221E9A0014956D /* Login.strings */ = {
			isa = PBXVariantGroup;
			children = (
				E942FF551E221E9A0014956D /* Base */,
				E942FF571E221E9C0014956D /* ja */,
			);
			name = Login.strings;
			sourceTree = "<group>";
		};
		E942FF5C1E221FD00014956D /* WebView.strings */ = {
			isa = PBXVariantGroup;
			children = (
				E942FF5B1E221FD00014956D /* Base */,
				E942FF5D1E221FD10014956D /* ja */,
			);
			name = WebView.strings;
			sourceTree = "<group>";
		};
		E942FF621E2222FC0014956D /* API.strings */ = {
			isa = PBXVariantGroup;
			children = (
				E942FF611E2222FC0014956D /* Base */,
				E942FF631E2222FD0014956D /* ja */,
			);
			name = API.strings;
			sourceTree = "<group>";
		};
		E942FF681E22280E0014956D /* AppDelegate.strings */ = {
			isa = PBXVariantGroup;
			children = (
				E942FF671E22280E0014956D /* Base */,
				E942FF691E2228100014956D /* ja */,
			);
			name = AppDelegate.strings;
			sourceTree = "<group>";
		};
		E942FF6E1E2282EE0014956D /* StreamList.strings */ = {
			isa = PBXVariantGroup;
			children = (
				E942FF6D1E2282EE0014956D /* Base */,
				E942FF6F1E2282EF0014956D /* ja */,
			);
			name = StreamList.strings;
			sourceTree = "<group>";
		};
/* End PBXVariantGroup section */

/* Begin XCBuildConfiguration section */
		E91243AD199524E000795EF0 /* Debug */ = {
			isa = XCBuildConfiguration;
			buildSettings = {
				ALWAYS_SEARCH_USER_PATHS = NO;
				CLANG_ANALYZER_LOCALIZABILITY_NONLOCALIZED = YES;
				CLANG_CXX_LANGUAGE_STANDARD = "gnu++0x";
				CLANG_CXX_LIBRARY = "libc++";
				CLANG_ENABLE_MODULES = YES;
				CLANG_ENABLE_OBJC_ARC = YES;
				CLANG_WARN_BLOCK_CAPTURE_AUTORELEASING = YES;
				CLANG_WARN_BOOL_CONVERSION = YES;
				CLANG_WARN_COMMA = YES;
				CLANG_WARN_CONSTANT_CONVERSION = YES;
				CLANG_WARN_DIRECT_OBJC_ISA_USAGE = YES_ERROR;
				CLANG_WARN_EMPTY_BODY = YES;
				CLANG_WARN_ENUM_CONVERSION = YES;
				CLANG_WARN_INFINITE_RECURSION = YES;
				CLANG_WARN_INT_CONVERSION = YES;
				CLANG_WARN_NON_LITERAL_NULL_CONVERSION = YES;
				CLANG_WARN_OBJC_LITERAL_CONVERSION = YES;
				CLANG_WARN_OBJC_ROOT_CLASS = YES_ERROR;
				CLANG_WARN_RANGE_LOOP_ANALYSIS = YES;
				CLANG_WARN_STRICT_PROTOTYPES = YES;
				CLANG_WARN_SUSPICIOUS_MOVE = YES;
				CLANG_WARN_UNREACHABLE_CODE = YES;
				CLANG_WARN__DUPLICATE_METHOD_MATCH = YES;
				CODE_SIGN_IDENTITY = "iPhone Developer";
				"CODE_SIGN_IDENTITY[sdk=iphoneos*]" = "iPhone Developer: Akira Fukushima (9PQ8S3P587)";
				COPY_PHASE_STRIP = NO;
				ENABLE_STRICT_OBJC_MSGSEND = YES;
				ENABLE_TESTABILITY = YES;
				GCC_C_LANGUAGE_STANDARD = gnu99;
				GCC_DYNAMIC_NO_PIC = NO;
				GCC_NO_COMMON_BLOCKS = YES;
				GCC_OPTIMIZATION_LEVEL = 0;
				GCC_PREPROCESSOR_DEFINITIONS = (
					"DEBUG=1",
					"$(inherited)",
				);
				GCC_SYMBOLS_PRIVATE_EXTERN = NO;
				GCC_WARN_64_TO_32_BIT_CONVERSION = YES;
				GCC_WARN_ABOUT_RETURN_TYPE = YES_ERROR;
				GCC_WARN_UNDECLARED_SELECTOR = YES;
				GCC_WARN_UNINITIALIZED_AUTOS = YES_AGGRESSIVE;
				GCC_WARN_UNUSED_FUNCTION = YES;
				GCC_WARN_UNUSED_VARIABLE = YES;
				IPHONEOS_DEPLOYMENT_TARGET = 11.1;
				MTL_ENABLE_DEBUG_INFO = YES;
				ONLY_ACTIVE_ARCH = YES;
				PROVISIONING_PROFILE = "2c176638-496e-4c17-8722-52cba9548982";
				SDKROOT = iphoneos;
				SWIFT_OPTIMIZATION_LEVEL = "-Owholemodule";
			};
			name = Debug;
		};
		E91243AE199524E000795EF0 /* Release */ = {
			isa = XCBuildConfiguration;
			buildSettings = {
				ALWAYS_SEARCH_USER_PATHS = NO;
				CLANG_ANALYZER_LOCALIZABILITY_NONLOCALIZED = YES;
				CLANG_CXX_LANGUAGE_STANDARD = "gnu++0x";
				CLANG_CXX_LIBRARY = "libc++";
				CLANG_ENABLE_MODULES = YES;
				CLANG_ENABLE_OBJC_ARC = YES;
				CLANG_WARN_BLOCK_CAPTURE_AUTORELEASING = YES;
				CLANG_WARN_BOOL_CONVERSION = YES;
				CLANG_WARN_COMMA = YES;
				CLANG_WARN_CONSTANT_CONVERSION = YES;
				CLANG_WARN_DIRECT_OBJC_ISA_USAGE = YES_ERROR;
				CLANG_WARN_EMPTY_BODY = YES;
				CLANG_WARN_ENUM_CONVERSION = YES;
				CLANG_WARN_INFINITE_RECURSION = YES;
				CLANG_WARN_INT_CONVERSION = YES;
				CLANG_WARN_NON_LITERAL_NULL_CONVERSION = YES;
				CLANG_WARN_OBJC_LITERAL_CONVERSION = YES;
				CLANG_WARN_OBJC_ROOT_CLASS = YES_ERROR;
				CLANG_WARN_RANGE_LOOP_ANALYSIS = YES;
				CLANG_WARN_STRICT_PROTOTYPES = YES;
				CLANG_WARN_SUSPICIOUS_MOVE = YES;
				CLANG_WARN_UNREACHABLE_CODE = YES;
				CLANG_WARN__DUPLICATE_METHOD_MATCH = YES;
				CODE_SIGN_IDENTITY = "";
				"CODE_SIGN_IDENTITY[sdk=iphoneos*]" = "iPhone Distribution: Akira Fukushima (HB4N6B2YVM)";
				COPY_PHASE_STRIP = YES;
				ENABLE_NS_ASSERTIONS = NO;
				ENABLE_STRICT_OBJC_MSGSEND = YES;
				GCC_C_LANGUAGE_STANDARD = gnu99;
				GCC_NO_COMMON_BLOCKS = YES;
				GCC_WARN_64_TO_32_BIT_CONVERSION = YES;
				GCC_WARN_ABOUT_RETURN_TYPE = YES_ERROR;
				GCC_WARN_UNDECLARED_SELECTOR = YES;
				GCC_WARN_UNINITIALIZED_AUTOS = YES_AGGRESSIVE;
				GCC_WARN_UNUSED_FUNCTION = YES;
				GCC_WARN_UNUSED_VARIABLE = YES;
				IPHONEOS_DEPLOYMENT_TARGET = 11.1;
				MTL_ENABLE_DEBUG_INFO = NO;
				PROVISIONING_PROFILE = "552afdde-bf12-4511-a407-f85b575eb156";
				SDKROOT = iphoneos;
				SWIFT_OPTIMIZATION_LEVEL = "-Owholemodule";
				VALIDATE_PRODUCT = YES;
			};
			name = Release;
		};
		E91243B0199524E000795EF0 /* Debug */ = {
			isa = XCBuildConfiguration;
			baseConfigurationReference = 0C756EA81D6D16F5124613C0 /* Pods-Whalebird.debug.xcconfig */;
			buildSettings = {
				ALWAYS_EMBED_SWIFT_STANDARD_LIBRARIES = "$(inherited)";
				APIURL = "https://0ea0bed8.ngrok.io/";
				ASSETCATALOG_COMPILER_APPICON_NAME = AppIcon;
				ASSETCATALOG_COMPILER_LAUNCHIMAGE_NAME = LaunchImage;
				BUNDLE_IDENTIFIER = org.whalebird.dev;
				BUNDLE_NAME = WhalebirdDev;
				CLANG_ENABLE_MODULES = YES;
				CODE_SIGN_ENTITLEMENTS = Whalebird/Whalebird.entitlements;
				CODE_SIGN_IDENTITY = "iPhone Developer: Akira Fukushima (9PQ8S3P587)";
				"CODE_SIGN_IDENTITY[sdk=iphoneos*]" = "iPhone Developer: Akira Fukushima (9PQ8S3P587)";
				DEVELOPMENT_TEAM = HB4N6B2YVM;
				ENABLE_BITCODE = YES;
				FRAMEWORK_SEARCH_PATHS = (
					"$(inherited)",
					"$(PROJECT_DIR)",
				);
				GCC_OPTIMIZATION_LEVEL = 0;
				INFOPLIST_FILE = Whalebird/Info.plist;
				IPHONEOS_DEPLOYMENT_TARGET = 11.1;
				LD_RUNPATH_SEARCH_PATHS = "$(inherited) @executable_path/Frameworks";
				LIBRARY_SEARCH_PATHS = (
					"$(inherited)",
					"$(SDKROOT)/usr/lib",
				);
				OTHER_SWIFT_FLAGS = "$(inherited) \"-D\" \"COCOAPODS\" -D DEBUG";
				PRODUCT_BUNDLE_IDENTIFIER = "$(BUNDLE_IDENTIFIER)";
				PRODUCT_NAME = "$(TARGET_NAME)";
				PROVISIONING_PROFILE = "4686e240-ab09-482d-8ac2-407fc4ff8559";
				PROVISIONING_PROFILE_SPECIFIER = WhalebirdDevelopment;
				SWIFT_OBJC_BRIDGING_HEADER = "Whalebird/Whalebird-Bridging-Header.h";
				SWIFT_OPTIMIZATION_LEVEL = "-Onone";
				SWIFT_SWIFT3_OBJC_INFERENCE = Default;
				SWIFT_VERSION = 4.0;
				WebURL = "http://192.168.99.100:3001/";
			};
			name = Debug;
		};
		E91243B1199524E000795EF0 /* Release */ = {
			isa = XCBuildConfiguration;
			baseConfigurationReference = B24446D268050AF194D936BF /* Pods-Whalebird.release.xcconfig */;
			buildSettings = {
				ALWAYS_EMBED_SWIFT_STANDARD_LIBRARIES = "$(inherited)";
				APIURL = "https://api.whalebird.org/";
				ASSETCATALOG_COMPILER_APPICON_NAME = AppIcon;
				ASSETCATALOG_COMPILER_LAUNCHIMAGE_NAME = LaunchImage;
				BUNDLE_IDENTIFIER = org.whalebird;
				BUNDLE_NAME = Whalebird;
				CLANG_ENABLE_MODULES = YES;
				CODE_SIGN_ENTITLEMENTS = Whalebird/Whalebird.entitlements;
				CODE_SIGN_IDENTITY = "iPhone Distribution";
				"CODE_SIGN_IDENTITY[sdk=iphoneos*]" = "iPhone Distribution: Akira Fukushima (HB4N6B2YVM)";
				ENABLE_BITCODE = YES;
				FRAMEWORK_SEARCH_PATHS = (
					"$(inherited)",
					"$(PROJECT_DIR)",
				);
				GCC_OPTIMIZATION_LEVEL = s;
				INFOPLIST_FILE = Whalebird/Info.plist;
				IPHONEOS_DEPLOYMENT_TARGET = 11.1;
				LD_RUNPATH_SEARCH_PATHS = "$(inherited) @executable_path/Frameworks";
				LIBRARY_SEARCH_PATHS = (
					"$(inherited)",
					"$(SDKROOT)/usr/lib",
				);
				PRODUCT_BUNDLE_IDENTIFIER = "$(BUNDLE_IDENTIFIER)";
				PRODUCT_NAME = "$(TARGET_NAME)";
				PROVISIONING_PROFILE = "";
				PROVISIONING_PROFILE_SPECIFIER = WhalebirdAppStore;
				SWIFT_OBJC_BRIDGING_HEADER = "Whalebird/Whalebird-Bridging-Header.h";
				SWIFT_SWIFT3_OBJC_INFERENCE = Default;
				SWIFT_VERSION = 4.0;
				WebURL = "https://whalebird.org/";
			};
			name = Release;
		};
		E91243B3199524E000795EF0 /* Debug */ = {
			isa = XCBuildConfiguration;
			baseConfigurationReference = 1B819DF1AB87096E57ED1DCB /* Pods-Whalebird-WhalebirdTests.debug.xcconfig */;
			buildSettings = {
				ALWAYS_EMBED_SWIFT_STANDARD_LIBRARIES = "$(inherited)";
				APIURL = "http://api.whalebird.org/";
				BUNDLE_LOADER = "$(TEST_HOST)";
				CODE_SIGN_IDENTITY = "iPhone Developer";
				"CODE_SIGN_IDENTITY[sdk=iphoneos*]" = "iPhone Developer";
				FRAMEWORK_SEARCH_PATHS = (
					"$(inherited)",
					"$(PROJECT_DIR)",
				);
				GCC_PREPROCESSOR_DEFINITIONS = (
					"DEBUG=1",
					"$(inherited)",
				);
				INFOPLIST_FILE = WhalebirdTests/Info.plist;
				LD_RUNPATH_SEARCH_PATHS = "$(inherited) @executable_path/Frameworks @loader_path/Frameworks";
				LIBRARY_SEARCH_PATHS = (
					"$(inherited)",
					"$(PROJECT_DIR)/Pods/build/Debug-iphonesimulator",
				);
				PRODUCT_BUNDLE_IDENTIFIER = "me.uni.h3poteto.$(PRODUCT_NAME:rfc1034identifier)";
				PRODUCT_NAME = "$(TARGET_NAME)";
				PROVISIONING_PROFILE = "";
				SWIFT_OBJC_BRIDGING_HEADER = "Whalebird/Whalebird-Bridging-Header.h";
				SWIFT_SWIFT3_OBJC_INFERENCE = On;
				SWIFT_VERSION = 4.0;
				TEST_HOST = "$(BUILT_PRODUCTS_DIR)/Whalebird.app/Whalebird";
				WebURL = "http://whalebird.org/";
			};
			name = Debug;
		};
		E91243B4199524E000795EF0 /* Release */ = {
			isa = XCBuildConfiguration;
			baseConfigurationReference = 0A77B9941FA64239BE3DC901 /* Pods-Whalebird-WhalebirdTests.release.xcconfig */;
			buildSettings = {
				ALWAYS_EMBED_SWIFT_STANDARD_LIBRARIES = "$(inherited)";
				APIURL = "http://api.whalebird.org/";
				BUNDLE_LOADER = "$(TEST_HOST)";
				CODE_SIGN_IDENTITY = "iPhone Developer";
				"CODE_SIGN_IDENTITY[sdk=iphoneos*]" = "iPhone Developer";
				FRAMEWORK_SEARCH_PATHS = (
					"$(inherited)",
					"$(PROJECT_DIR)",
				);
				INFOPLIST_FILE = WhalebirdTests/Info.plist;
				LD_RUNPATH_SEARCH_PATHS = "$(inherited) @executable_path/Frameworks @loader_path/Frameworks";
				LIBRARY_SEARCH_PATHS = (
					"$(inherited)",
					"$(PROJECT_DIR)/Pods/build/Debug-iphonesimulator",
				);
				PRODUCT_BUNDLE_IDENTIFIER = "me.uni.h3poteto.$(PRODUCT_NAME:rfc1034identifier)";
				PRODUCT_NAME = "$(TARGET_NAME)";
				PROVISIONING_PROFILE = "";
				SWIFT_OBJC_BRIDGING_HEADER = "Whalebird/Whalebird-Bridging-Header.h";
				SWIFT_SWIFT3_OBJC_INFERENCE = On;
				SWIFT_VERSION = 4.0;
				TEST_HOST = "$(BUILT_PRODUCTS_DIR)/Whalebird.app/Whalebird";
				WebURL = "http://whalebird.org/";
			};
			name = Release;
		};
		E988D00A1B70E02C003BAD31 /* AdHoc */ = {
			isa = XCBuildConfiguration;
			buildSettings = {
				ALWAYS_SEARCH_USER_PATHS = NO;
				CLANG_ANALYZER_LOCALIZABILITY_NONLOCALIZED = YES;
				CLANG_CXX_LANGUAGE_STANDARD = "gnu++0x";
				CLANG_CXX_LIBRARY = "libc++";
				CLANG_ENABLE_MODULES = YES;
				CLANG_ENABLE_OBJC_ARC = YES;
				CLANG_WARN_BLOCK_CAPTURE_AUTORELEASING = YES;
				CLANG_WARN_BOOL_CONVERSION = YES;
				CLANG_WARN_COMMA = YES;
				CLANG_WARN_CONSTANT_CONVERSION = YES;
				CLANG_WARN_DIRECT_OBJC_ISA_USAGE = YES_ERROR;
				CLANG_WARN_EMPTY_BODY = YES;
				CLANG_WARN_ENUM_CONVERSION = YES;
				CLANG_WARN_INFINITE_RECURSION = YES;
				CLANG_WARN_INT_CONVERSION = YES;
				CLANG_WARN_NON_LITERAL_NULL_CONVERSION = YES;
				CLANG_WARN_OBJC_LITERAL_CONVERSION = YES;
				CLANG_WARN_OBJC_ROOT_CLASS = YES_ERROR;
				CLANG_WARN_RANGE_LOOP_ANALYSIS = YES;
				CLANG_WARN_STRICT_PROTOTYPES = YES;
				CLANG_WARN_SUSPICIOUS_MOVE = YES;
				CLANG_WARN_UNREACHABLE_CODE = YES;
				CLANG_WARN__DUPLICATE_METHOD_MATCH = YES;
				CODE_SIGN_IDENTITY = "";
				"CODE_SIGN_IDENTITY[sdk=iphoneos*]" = "iPhone Distribution: Akira Fukushima (HB4N6B2YVM)";
				COPY_PHASE_STRIP = YES;
				ENABLE_NS_ASSERTIONS = NO;
				ENABLE_STRICT_OBJC_MSGSEND = YES;
				GCC_C_LANGUAGE_STANDARD = gnu99;
				GCC_NO_COMMON_BLOCKS = YES;
				GCC_WARN_64_TO_32_BIT_CONVERSION = YES;
				GCC_WARN_ABOUT_RETURN_TYPE = YES_ERROR;
				GCC_WARN_UNDECLARED_SELECTOR = YES;
				GCC_WARN_UNINITIALIZED_AUTOS = YES_AGGRESSIVE;
				GCC_WARN_UNUSED_FUNCTION = YES;
				GCC_WARN_UNUSED_VARIABLE = YES;
				IPHONEOS_DEPLOYMENT_TARGET = 11.1;
				MTL_ENABLE_DEBUG_INFO = NO;
				PROVISIONING_PROFILE = "d52c381e-833e-4d99-84c2-da1adb985c98";
				SDKROOT = iphoneos;
				SWIFT_OPTIMIZATION_LEVEL = "-Owholemodule";
				VALIDATE_PRODUCT = YES;
			};
			name = AdHoc;
		};
		E988D00B1B70E02C003BAD31 /* AdHoc */ = {
			isa = XCBuildConfiguration;
			baseConfigurationReference = E993FE791DCB9B9C00961746 /* Pods-Whalebird.adhoc.xcconfig */;
			buildSettings = {
				ALWAYS_EMBED_SWIFT_STANDARD_LIBRARIES = "$(inherited)";
				APIURL = "https://api.whalebird.org/";
				ASSETCATALOG_COMPILER_APPICON_NAME = AppIcon;
				ASSETCATALOG_COMPILER_LAUNCHIMAGE_NAME = LaunchImage;
				BUNDLE_IDENTIFIER = org.whalebird;
				BUNDLE_NAME = Whalebird;
				CLANG_ENABLE_MODULES = YES;
				CODE_SIGN_ENTITLEMENTS = Whalebird/Whalebird.entitlements;
				CODE_SIGN_IDENTITY = "iPhone Distribution";
				"CODE_SIGN_IDENTITY[sdk=iphoneos*]" = "iPhone Distribution: Akira Fukushima (HB4N6B2YVM)";
				DEVELOPMENT_TEAM = HB4N6B2YVM;
				ENABLE_BITCODE = YES;
				FRAMEWORK_SEARCH_PATHS = (
					"$(inherited)",
					"$(PROJECT_DIR)",
				);
				GCC_OPTIMIZATION_LEVEL = s;
				INFOPLIST_FILE = Whalebird/Info.plist;
				IPHONEOS_DEPLOYMENT_TARGET = 11.1;
				LD_RUNPATH_SEARCH_PATHS = "$(inherited) @executable_path/Frameworks";
				LIBRARY_SEARCH_PATHS = (
					"$(inherited)",
					"$(SDKROOT)/usr/lib",
				);
				PRODUCT_BUNDLE_IDENTIFIER = "$(BUNDLE_IDENTIFIER)";
				PRODUCT_NAME = "$(TARGET_NAME)";
				PROVISIONING_PROFILE = "bb40436f-5da0-4353-aec8-b146d5dc726a";
				PROVISIONING_PROFILE_SPECIFIER = WhalebirdAdhoc;
				SWIFT_OBJC_BRIDGING_HEADER = "Whalebird/Whalebird-Bridging-Header.h";
				SWIFT_SWIFT3_OBJC_INFERENCE = Default;
				SWIFT_VERSION = 4.0;
				WebURL = "https://whalebird.org/";
			};
			name = AdHoc;
		};
		E988D00C1B70E02C003BAD31 /* AdHoc */ = {
			isa = XCBuildConfiguration;
			baseConfigurationReference = E993FE7B1DCB9BB900961746 /* Pods-Whalebird-WhalebirdTests.adhoc.xcconfig */;
			buildSettings = {
				ALWAYS_EMBED_SWIFT_STANDARD_LIBRARIES = "$(inherited)";
				APIURL = "http://api.whalebird.org/";
				BUNDLE_LOADER = "$(TEST_HOST)";
				CODE_SIGN_IDENTITY = "iPhone Developer";
				"CODE_SIGN_IDENTITY[sdk=iphoneos*]" = "iPhone Developer";
				FRAMEWORK_SEARCH_PATHS = (
					"$(inherited)",
					"$(PROJECT_DIR)",
				);
				INFOPLIST_FILE = WhalebirdTests/Info.plist;
				LD_RUNPATH_SEARCH_PATHS = "$(inherited) @executable_path/Frameworks @loader_path/Frameworks";
				LIBRARY_SEARCH_PATHS = (
					"$(inherited)",
					"$(PROJECT_DIR)/Pods/build/Debug-iphonesimulator",
				);
				PRODUCT_BUNDLE_IDENTIFIER = "me.uni.h3poteto.$(PRODUCT_NAME:rfc1034identifier)";
				PRODUCT_NAME = "$(TARGET_NAME)";
				PROVISIONING_PROFILE = "";
				SWIFT_OBJC_BRIDGING_HEADER = "Whalebird/Whalebird-Bridging-Header.h";
				SWIFT_SWIFT3_OBJC_INFERENCE = On;
				SWIFT_VERSION = 4.0;
				TEST_HOST = "$(BUILT_PRODUCTS_DIR)/Whalebird.app/Whalebird";
				WebURL = "http://whalebird.org/";
			};
			name = AdHoc;
		};
/* End XCBuildConfiguration section */

/* Begin XCConfigurationList section */
		E912438E199524E000795EF0 /* Build configuration list for PBXProject "Whalebird" */ = {
			isa = XCConfigurationList;
			buildConfigurations = (
				E91243AD199524E000795EF0 /* Debug */,
				E91243AE199524E000795EF0 /* Release */,
				E988D00A1B70E02C003BAD31 /* AdHoc */,
			);
			defaultConfigurationIsVisible = 0;
			defaultConfigurationName = Release;
		};
		E91243AF199524E000795EF0 /* Build configuration list for PBXNativeTarget "Whalebird" */ = {
			isa = XCConfigurationList;
			buildConfigurations = (
				E91243B0199524E000795EF0 /* Debug */,
				E91243B1199524E000795EF0 /* Release */,
				E988D00B1B70E02C003BAD31 /* AdHoc */,
			);
			defaultConfigurationIsVisible = 0;
			defaultConfigurationName = Release;
		};
		E91243B2199524E000795EF0 /* Build configuration list for PBXNativeTarget "WhalebirdTests" */ = {
			isa = XCConfigurationList;
			buildConfigurations = (
				E91243B3199524E000795EF0 /* Debug */,
				E91243B4199524E000795EF0 /* Release */,
				E988D00C1B70E02C003BAD31 /* AdHoc */,
			);
			defaultConfigurationIsVisible = 0;
			defaultConfigurationName = Release;
		};
/* End XCConfigurationList section */
	};
	rootObject = E912438B199524E000795EF0 /* Project object */;
}
